// !$*UTF8*$!
{
	archiveVersion = 1;
	classes = {
	};
	objectVersion = 46;
	objects = {

/* Begin PBXBuildFile section */
		92BC469BDABE4ED8A01A790D /* libPods.a in Frameworks */ = {isa = PBXBuildFile; fileRef = FAFB5E1997B743519AFE492A /* libPods.a */; };
		D9744FC418B5C1CA00697357 /* CollageViewController.m in Sources */ = {isa = PBXBuildFile; fileRef = D9744FC318B5C1CA00697357 /* CollageViewController.m */; };
		D98CA3FC185D338600746059 /* Foundation.framework in Frameworks */ = {isa = PBXBuildFile; fileRef = D98CA3FB185D338600746059 /* Foundation.framework */; };
		D98CA3FE185D338600746059 /* CoreGraphics.framework in Frameworks */ = {isa = PBXBuildFile; fileRef = D98CA3FD185D338600746059 /* CoreGraphics.framework */; };
		D98CA400185D338600746059 /* UIKit.framework in Frameworks */ = {isa = PBXBuildFile; fileRef = D98CA3FF185D338600746059 /* UIKit.framework */; };
		D98CA406185D338600746059 /* InfoPlist.strings in Resources */ = {isa = PBXBuildFile; fileRef = D98CA404185D338600746059 /* InfoPlist.strings */; };
		D98CA408185D338600746059 /* main.m in Sources */ = {isa = PBXBuildFile; fileRef = D98CA407185D338600746059 /* main.m */; };
		D98CA40C185D338600746059 /* AppDelegate.m in Sources */ = {isa = PBXBuildFile; fileRef = D98CA40B185D338600746059 /* AppDelegate.m */; };
		D98CA40F185D338600746059 /* Main_iPhone.storyboard in Resources */ = {isa = PBXBuildFile; fileRef = D98CA40D185D338600746059 /* Main_iPhone.storyboard */; };
		D98CA415185D338600746059 /* GameConfigurationViewController.m in Sources */ = {isa = PBXBuildFile; fileRef = D98CA414185D338600746059 /* GameConfigurationViewController.m */; };
		D98CA417185D338600746059 /* Images.xcassets in Resources */ = {isa = PBXBuildFile; fileRef = D98CA416185D338600746059 /* Images.xcassets */; };
		D98CA439185D3A3900746059 /* ImpostorGameModel.m in Sources */ = {isa = PBXBuildFile; fileRef = D98CA438185D3A3900746059 /* ImpostorGameModel.m */; };
		D98CA43C185D67E800746059 /* MainGameViewController.m in Sources */ = {isa = PBXBuildFile; fileRef = D98CA43B185D67E800746059 /* MainGameViewController.m */; };
		D98CA442185D699E00746059 /* SecretWordViewController.m in Sources */ = {isa = PBXBuildFile; fileRef = D98CA441185D699E00746059 /* SecretWordViewController.m */; };
		D98CA445185E1C8C00746059 /* EliminationViewController.m in Sources */ = {isa = PBXBuildFile; fileRef = D98CA444185E1C8C00746059 /* EliminationViewController.m */; };
		D9A2405F18D50DF7005D4DCD /* camera.mp3 in Resources */ = {isa = PBXBuildFile; fileRef = D9A2405E18D50DF7005D4DCD /* camera.mp3 */; };
		D9A4F763185E310A0060AA2D /* ResultsViewController.m in Sources */ = {isa = PBXBuildFile; fileRef = D9A4F762185E310A0060AA2D /* ResultsViewController.m */; };
		D9A4F76C185E54480060AA2D /* KxIntroView.m in Sources */ = {isa = PBXBuildFile; fileRef = D9A4F767185E54480060AA2D /* KxIntroView.m */; };
		D9A4F76D185E54480060AA2D /* KxIntroViewController.m in Sources */ = {isa = PBXBuildFile; fileRef = D9A4F769185E54480060AA2D /* KxIntroViewController.m */; };
		D9A4F76E185E54480060AA2D /* KxIntroViewPage.m in Sources */ = {isa = PBXBuildFile; fileRef = D9A4F76B185E54480060AA2D /* KxIntroViewPage.m */; };
		D9A4F771185E7D9F0060AA2D /* AVFoundation.framework in Frameworks */ = {isa = PBXBuildFile; fileRef = D9A4F770185E7D9F0060AA2D /* AVFoundation.framework */; };
		D9A4F773185E7DEA0060AA2D /* intro.mp3 in Resources */ = {isa = PBXBuildFile; fileRef = D9A4F772185E7DEA0060AA2D /* intro.mp3 */; };
		D9A4F775185E7EDE0060AA2D /* buttonPress.mp3 in Resources */ = {isa = PBXBuildFile; fileRef = D9A4F774185E7EDE0060AA2D /* buttonPress.mp3 */; };
		D9A4F777185E7EFA0060AA2D /* AudioToolbox.framework in Frameworks */ = {isa = PBXBuildFile; fileRef = D9A4F776185E7EFA0060AA2D /* AudioToolbox.framework */; };
		D9A4F779185E80040060AA2D /* peek.mp3 in Resources */ = {isa = PBXBuildFile; fileRef = D9A4F778185E80040060AA2D /* peek.mp3 */; };
		D9A4F77B185E80650060AA2D /* eliminate.mp3 in Resources */ = {isa = PBXBuildFile; fileRef = D9A4F77A185E80650060AA2D /* eliminate.mp3 */; };
		D9A4F77D185E80D10060AA2D /* results.mp3 in Resources */ = {isa = PBXBuildFile; fileRef = D9A4F77C185E80D10060AA2D /* results.mp3 */; };
		D9A4F782185FDDA90060AA2D /* defaultHeadshot.png in Resources */ = {isa = PBXBuildFile; fileRef = D9A4F781185FDDA90060AA2D /* defaultHeadshot.png */; };
		D9A4F784185FE0F50060AA2D /* background.jpg in Resources */ = {isa = PBXBuildFile; fileRef = D9A4F783185FE0F50060AA2D /* background.jpg */; };
		D9CDEBDE1879D97900AE4163 /* minus.png in Resources */ = {isa = PBXBuildFile; fileRef = D9CDEBDA1879D97900AE4163 /* minus.png */; };
		D9CDEBDF1879D97900AE4163 /* question.png in Resources */ = {isa = PBXBuildFile; fileRef = D9CDEBDB1879D97900AE4163 /* question.png */; };
		D9CDEBE01879D97900AE4163 /* plus.png in Resources */ = {isa = PBXBuildFile; fileRef = D9CDEBDC1879D97900AE4163 /* plus.png */; };
		D9CDEBE11879D97900AE4163 /* remove.png in Resources */ = {isa = PBXBuildFile; fileRef = D9CDEBDD1879D97900AE4163 /* remove.png */; };
		D9CDEBE31879DA2800AE4163 /* cogs.png in Resources */ = {isa = PBXBuildFile; fileRef = D9CDEBE21879DA2800AE4163 /* cogs.png */; };
		D9CDEBEE187A3B4A00AE4163 /* Localizable.strings in Resources */ = {isa = PBXBuildFile; fileRef = D9CDEBEC187A3B4A00AE4163 /* Localizable.strings */; };
		D9CDEBF0187A4B6C00AE4163 /* gameWords.json in Resources */ = {isa = PBXBuildFile; fileRef = D9CDEBF2187A4B6C00AE4163 /* gameWords.json */; };
		D9CDEBFD187B8A2800AE4163 /* CoreData.framework in Frameworks */ = {isa = PBXBuildFile; fileRef = D9CDEBFC187B8A2800AE4163 /* CoreData.framework */; };
		D9CDEBFF187B8A2F00AE4163 /* SystemConfiguration.framework in Frameworks */ = {isa = PBXBuildFile; fileRef = D9CDEBFE187B8A2F00AE4163 /* SystemConfiguration.framework */; };
		D9CDEC01187B8A3A00AE4163 /* libz.dylib in Frameworks */ = {isa = PBXBuildFile; fileRef = D9CDEC00187B8A3A00AE4163 /* libz.dylib */; };
/* End PBXBuildFile section */

/* Begin PBXFileReference section */
		D90C9E8F18A98C5000DEF541 /* fr */ = {isa = PBXFileReference; lastKnownFileType = text.plist.strings; name = fr; path = fr.lproj/Main_iPhone.strings; sourceTree = "<group>"; };
		D90C9E9018A98C5000DEF541 /* fr */ = {isa = PBXFileReference; lastKnownFileType = text.plist.strings; name = fr; path = fr.lproj/Localizable.strings; sourceTree = "<group>"; };
		D90C9E9118A98C5000DEF541 /* fr */ = {isa = PBXFileReference; lastKnownFileType = text.plist.strings; name = fr; path = fr.lproj/InfoPlist.strings; sourceTree = "<group>"; };
		D90C9E9218A98C5000DEF541 /* fr */ = {isa = PBXFileReference; lastKnownFileType = text.json; name = fr; path = fr.lproj/gameWords.json; sourceTree = "<group>"; };
		D93B5CEC189D679F00E90ACD /* ru */ = {isa = PBXFileReference; lastKnownFileType = text.plist.strings; name = ru; path = ru.lproj/Localizable.strings; sourceTree = "<group>"; };
		D93B5CED189D679F00E90ACD /* ru */ = {isa = PBXFileReference; lastKnownFileType = text.plist.strings; name = ru; path = ru.lproj/InfoPlist.strings; sourceTree = "<group>"; };
		D93B5CEE189D679F00E90ACD /* ru */ = {isa = PBXFileReference; lastKnownFileType = text.json; name = ru; path = ru.lproj/gameWords.json; sourceTree = "<group>"; };
		D93B5CEF189D67A000E90ACD /* ru */ = {isa = PBXFileReference; lastKnownFileType = text.plist.strings; name = ru; path = ru.lproj/Main_iPhone.strings; sourceTree = "<group>"; };
		D93B5CF0189D696B00E90ACD /* ko */ = {isa = PBXFileReference; lastKnownFileType = text.plist.strings; name = ko; path = ko.lproj/Main_iPhone.strings; sourceTree = "<group>"; };
		D93B5CF1189D696B00E90ACD /* ko */ = {isa = PBXFileReference; lastKnownFileType = text.plist.strings; name = ko; path = ko.lproj/Localizable.strings; sourceTree = "<group>"; };
		D93B5CF2189D696B00E90ACD /* ko */ = {isa = PBXFileReference; lastKnownFileType = text.plist.strings; name = ko; path = ko.lproj/InfoPlist.strings; sourceTree = "<group>"; };
		D93B5CF3189D696B00E90ACD /* ko */ = {isa = PBXFileReference; lastKnownFileType = text.json; name = ko; path = ko.lproj/gameWords.json; sourceTree = "<group>"; };
		D93B5CF4189EA8A900E90ACD /* ja */ = {isa = PBXFileReference; lastKnownFileType = text.plist.strings; name = ja; path = ja.lproj/Main_iPhone.strings; sourceTree = "<group>"; };
		D93B5CF5189EA8A900E90ACD /* ja */ = {isa = PBXFileReference; lastKnownFileType = text.plist.strings; name = ja; path = ja.lproj/Localizable.strings; sourceTree = "<group>"; };
		D93B5CF6189EA8A900E90ACD /* ja */ = {isa = PBXFileReference; lastKnownFileType = text.plist.strings; name = ja; path = ja.lproj/InfoPlist.strings; sourceTree = "<group>"; };
		D93B5CF7189EA8A900E90ACD /* ja */ = {isa = PBXFileReference; lastKnownFileType = text.json; name = ja; path = ja.lproj/gameWords.json; sourceTree = "<group>"; };
		D9744FC218B5C1CA00697357 /* CollageViewController.h */ = {isa = PBXFileReference; fileEncoding = 4; lastKnownFileType = sourcecode.c.h; path = CollageViewController.h; sourceTree = "<group>"; };
		D9744FC318B5C1CA00697357 /* CollageViewController.m */ = {isa = PBXFileReference; fileEncoding = 4; lastKnownFileType = sourcecode.c.objc; path = CollageViewController.m; sourceTree = "<group>"; };
		D98CA3F8185D338600746059 /* Impostor.app */ = {isa = PBXFileReference; explicitFileType = wrapper.application; includeInIndex = 0; path = Impostor.app; sourceTree = BUILT_PRODUCTS_DIR; };
		D98CA3FB185D338600746059 /* Foundation.framework */ = {isa = PBXFileReference; lastKnownFileType = wrapper.framework; name = Foundation.framework; path = System/Library/Frameworks/Foundation.framework; sourceTree = SDKROOT; };
		D98CA3FD185D338600746059 /* CoreGraphics.framework */ = {isa = PBXFileReference; lastKnownFileType = wrapper.framework; name = CoreGraphics.framework; path = System/Library/Frameworks/CoreGraphics.framework; sourceTree = SDKROOT; };
		D98CA3FF185D338600746059 /* UIKit.framework */ = {isa = PBXFileReference; lastKnownFileType = wrapper.framework; name = UIKit.framework; path = System/Library/Frameworks/UIKit.framework; sourceTree = SDKROOT; };
		D98CA403185D338600746059 /* Impostor-Info.plist */ = {isa = PBXFileReference; lastKnownFileType = text.plist.xml; path = "Impostor-Info.plist"; sourceTree = "<group>"; };
		D98CA405185D338600746059 /* en */ = {isa = PBXFileReference; lastKnownFileType = text.plist.strings; name = en; path = en.lproj/InfoPlist.strings; sourceTree = "<group>"; };
		D98CA407185D338600746059 /* main.m */ = {isa = PBXFileReference; lastKnownFileType = sourcecode.c.objc; path = main.m; sourceTree = "<group>"; };
		D98CA409185D338600746059 /* Impostor-Prefix.pch */ = {isa = PBXFileReference; lastKnownFileType = sourcecode.c.h; path = "Impostor-Prefix.pch"; sourceTree = "<group>"; };
		D98CA40A185D338600746059 /* AppDelegate.h */ = {isa = PBXFileReference; lastKnownFileType = sourcecode.c.h; path = AppDelegate.h; sourceTree = "<group>"; };
		D98CA40B185D338600746059 /* AppDelegate.m */ = {isa = PBXFileReference; lastKnownFileType = sourcecode.c.objc; path = AppDelegate.m; sourceTree = "<group>"; };
		D98CA40E185D338600746059 /* Base */ = {isa = PBXFileReference; lastKnownFileType = file.storyboard; name = Base; path = Base.lproj/Main_iPhone.storyboard; sourceTree = "<group>"; };
		D98CA413185D338600746059 /* GameConfigurationViewController.h */ = {isa = PBXFileReference; lastKnownFileType = sourcecode.c.h; path = GameConfigurationViewController.h; sourceTree = "<group>"; };
		D98CA414185D338600746059 /* GameConfigurationViewController.m */ = {isa = PBXFileReference; lastKnownFileType = sourcecode.c.objc; lineEnding = 0; path = GameConfigurationViewController.m; sourceTree = "<group>"; xcLanguageSpecificationIdentifier = xcode.lang.objc; };
		D98CA416185D338600746059 /* Images.xcassets */ = {isa = PBXFileReference; lastKnownFileType = folder.assetcatalog; path = Images.xcassets; sourceTree = "<group>"; };
		D98CA41D185D338600746059 /* XCTest.framework */ = {isa = PBXFileReference; lastKnownFileType = wrapper.framework; name = XCTest.framework; path = Library/Frameworks/XCTest.framework; sourceTree = DEVELOPER_DIR; };
		D98CA437185D3A3900746059 /* ImpostorGameModel.h */ = {isa = PBXFileReference; fileEncoding = 4; lastKnownFileType = sourcecode.c.h; path = ImpostorGameModel.h; sourceTree = "<group>"; };
		D98CA438185D3A3900746059 /* ImpostorGameModel.m */ = {isa = PBXFileReference; fileEncoding = 4; lastKnownFileType = sourcecode.c.objc; lineEnding = 0; path = ImpostorGameModel.m; sourceTree = "<group>"; xcLanguageSpecificationIdentifier = xcode.lang.objc; };
		D98CA43A185D67E800746059 /* MainGameViewController.h */ = {isa = PBXFileReference; fileEncoding = 4; lastKnownFileType = sourcecode.c.h; path = MainGameViewController.h; sourceTree = "<group>"; };
		D98CA43B185D67E800746059 /* MainGameViewController.m */ = {isa = PBXFileReference; fileEncoding = 4; lastKnownFileType = sourcecode.c.objc; path = MainGameViewController.m; sourceTree = "<group>"; };
		D98CA440185D699E00746059 /* SecretWordViewController.h */ = {isa = PBXFileReference; fileEncoding = 4; lastKnownFileType = sourcecode.c.h; path = SecretWordViewController.h; sourceTree = "<group>"; };
		D98CA441185D699E00746059 /* SecretWordViewController.m */ = {isa = PBXFileReference; fileEncoding = 4; lastKnownFileType = sourcecode.c.objc; path = SecretWordViewController.m; sourceTree = "<group>"; };
		D98CA443185E1C8C00746059 /* EliminationViewController.h */ = {isa = PBXFileReference; fileEncoding = 4; lastKnownFileType = sourcecode.c.h; path = EliminationViewController.h; sourceTree = "<group>"; };
		D98CA444185E1C8C00746059 /* EliminationViewController.m */ = {isa = PBXFileReference; fileEncoding = 4; lastKnownFileType = sourcecode.c.objc; lineEnding = 0; path = EliminationViewController.m; sourceTree = "<group>"; xcLanguageSpecificationIdentifier = xcode.lang.objc; };
		D9A2405E18D50DF7005D4DCD /* camera.mp3 */ = {isa = PBXFileReference; lastKnownFileType = audio.mp3; path = camera.mp3; sourceTree = "<group>"; };
		D9A2406018D510FF005D4DCD /* nl */ = {isa = PBXFileReference; lastKnownFileType = text.plist.strings; name = nl; path = nl.lproj/Main_iPhone.strings; sourceTree = "<group>"; };
		D9A2406118D510FF005D4DCD /* nl */ = {isa = PBXFileReference; lastKnownFileType = text.plist.strings; name = nl; path = nl.lproj/Localizable.strings; sourceTree = "<group>"; };
		D9A2406218D510FF005D4DCD /* nl */ = {isa = PBXFileReference; lastKnownFileType = text.plist.strings; name = nl; path = nl.lproj/InfoPlist.strings; sourceTree = "<group>"; };
		D9A2406318D510FF005D4DCD /* nl */ = {isa = PBXFileReference; lastKnownFileType = text.json; name = nl; path = nl.lproj/gameWords.json; sourceTree = "<group>"; };
		D9A4F761185E310A0060AA2D /* ResultsViewController.h */ = {isa = PBXFileReference; fileEncoding = 4; lastKnownFileType = sourcecode.c.h; path = ResultsViewController.h; sourceTree = "<group>"; };
		D9A4F762185E310A0060AA2D /* ResultsViewController.m */ = {isa = PBXFileReference; fileEncoding = 4; lastKnownFileType = sourcecode.c.objc; lineEnding = 0; path = ResultsViewController.m; sourceTree = "<group>"; xcLanguageSpecificationIdentifier = xcode.lang.objc; };
		D9A4F766185E54480060AA2D /* KxIntroView.h */ = {isa = PBXFileReference; fileEncoding = 4; lastKnownFileType = sourcecode.c.h; path = KxIntroView.h; sourceTree = "<group>"; };
		D9A4F767185E54480060AA2D /* KxIntroView.m */ = {isa = PBXFileReference; fileEncoding = 4; lastKnownFileType = sourcecode.c.objc; path = KxIntroView.m; sourceTree = "<group>"; };
		D9A4F768185E54480060AA2D /* KxIntroViewController.h */ = {isa = PBXFileReference; fileEncoding = 4; lastKnownFileType = sourcecode.c.h; path = KxIntroViewController.h; sourceTree = "<group>"; };
		D9A4F769185E54480060AA2D /* KxIntroViewController.m */ = {isa = PBXFileReference; fileEncoding = 4; lastKnownFileType = sourcecode.c.objc; path = KxIntroViewController.m; sourceTree = "<group>"; };
		D9A4F76A185E54480060AA2D /* KxIntroViewPage.h */ = {isa = PBXFileReference; fileEncoding = 4; lastKnownFileType = sourcecode.c.h; path = KxIntroViewPage.h; sourceTree = "<group>"; };
		D9A4F76B185E54480060AA2D /* KxIntroViewPage.m */ = {isa = PBXFileReference; fileEncoding = 4; lastKnownFileType = sourcecode.c.objc; path = KxIntroViewPage.m; sourceTree = "<group>"; };
		D9A4F770185E7D9F0060AA2D /* AVFoundation.framework */ = {isa = PBXFileReference; lastKnownFileType = wrapper.framework; name = AVFoundation.framework; path = System/Library/Frameworks/AVFoundation.framework; sourceTree = SDKROOT; };
		D9A4F772185E7DEA0060AA2D /* intro.mp3 */ = {isa = PBXFileReference; lastKnownFileType = audio.mp3; path = intro.mp3; sourceTree = "<group>"; };
		D9A4F774185E7EDE0060AA2D /* buttonPress.mp3 */ = {isa = PBXFileReference; lastKnownFileType = audio.mp3; path = buttonPress.mp3; sourceTree = "<group>"; };
		D9A4F776185E7EFA0060AA2D /* AudioToolbox.framework */ = {isa = PBXFileReference; lastKnownFileType = wrapper.framework; name = AudioToolbox.framework; path = System/Library/Frameworks/AudioToolbox.framework; sourceTree = SDKROOT; };
		D9A4F778185E80040060AA2D /* peek.mp3 */ = {isa = PBXFileReference; lastKnownFileType = audio.mp3; path = peek.mp3; sourceTree = "<group>"; };
		D9A4F77A185E80650060AA2D /* eliminate.mp3 */ = {isa = PBXFileReference; lastKnownFileType = audio.mp3; path = eliminate.mp3; sourceTree = "<group>"; };
		D9A4F77C185E80D10060AA2D /* results.mp3 */ = {isa = PBXFileReference; lastKnownFileType = audio.mp3; path = results.mp3; sourceTree = "<group>"; };
		D9A4F781185FDDA90060AA2D /* defaultHeadshot.png */ = {isa = PBXFileReference; lastKnownFileType = image.png; path = defaultHeadshot.png; sourceTree = "<group>"; };
		D9A4F783185FE0F50060AA2D /* background.jpg */ = {isa = PBXFileReference; lastKnownFileType = image.jpeg; path = background.jpg; sourceTree = "<group>"; };
		D9CDEBDA1879D97900AE4163 /* minus.png */ = {isa = PBXFileReference; lastKnownFileType = image.png; path = minus.png; sourceTree = "<group>"; };
		D9CDEBDB1879D97900AE4163 /* question.png */ = {isa = PBXFileReference; lastKnownFileType = image.png; path = question.png; sourceTree = "<group>"; };
		D9CDEBDC1879D97900AE4163 /* plus.png */ = {isa = PBXFileReference; lastKnownFileType = image.png; path = plus.png; sourceTree = "<group>"; };
		D9CDEBDD1879D97900AE4163 /* remove.png */ = {isa = PBXFileReference; lastKnownFileType = image.png; path = remove.png; sourceTree = "<group>"; };
		D9CDEBE21879DA2800AE4163 /* cogs.png */ = {isa = PBXFileReference; lastKnownFileType = image.png; path = cogs.png; sourceTree = "<group>"; };
		D9CDEBEA187A379500AE4163 /* zh-Hans */ = {isa = PBXFileReference; lastKnownFileType = text.plist.strings; name = "zh-Hans"; path = "zh-Hans.lproj/Main_iPhone.strings"; sourceTree = "<group>"; };
		D9CDEBEB187A379500AE4163 /* zh-Hans */ = {isa = PBXFileReference; lastKnownFileType = text.plist.strings; name = "zh-Hans"; path = "zh-Hans.lproj/InfoPlist.strings"; sourceTree = "<group>"; };
		D9CDEBED187A3B4A00AE4163 /* en */ = {isa = PBXFileReference; lastKnownFileType = text.plist.strings; name = en; path = en.lproj/Localizable.strings; sourceTree = "<group>"; };
		D9CDEBEF187A3B8100AE4163 /* zh-Hans */ = {isa = PBXFileReference; lastKnownFileType = text.plist.strings; name = "zh-Hans"; path = "zh-Hans.lproj/Localizable.strings"; sourceTree = "<group>"; };
		D9CDEBF1187A4B6C00AE4163 /* en */ = {isa = PBXFileReference; lastKnownFileType = text.json; name = en; path = en.lproj/gameWords.json; sourceTree = "<group>"; };
		D9CDEBF3187A4B8200AE4163 /* zh-Hans */ = {isa = PBXFileReference; lastKnownFileType = text.json; name = "zh-Hans"; path = "zh-Hans.lproj/gameWords.json"; sourceTree = "<group>"; };
		D9CDEBFC187B8A2800AE4163 /* CoreData.framework */ = {isa = PBXFileReference; lastKnownFileType = wrapper.framework; name = CoreData.framework; path = System/Library/Frameworks/CoreData.framework; sourceTree = SDKROOT; };
		D9CDEBFE187B8A2F00AE4163 /* SystemConfiguration.framework */ = {isa = PBXFileReference; lastKnownFileType = wrapper.framework; name = SystemConfiguration.framework; path = System/Library/Frameworks/SystemConfiguration.framework; sourceTree = SDKROOT; };
		D9CDEC00187B8A3A00AE4163 /* libz.dylib */ = {isa = PBXFileReference; lastKnownFileType = "compiled.mach-o.dylib"; name = libz.dylib; path = usr/lib/libz.dylib; sourceTree = SDKROOT; };
		D9D29A3D189C66F60054BEFF /* es */ = {isa = PBXFileReference; lastKnownFileType = text.plist.strings; name = es; path = es.lproj/Main_iPhone.strings; sourceTree = "<group>"; };
		D9D29A3E189C66F60054BEFF /* es */ = {isa = PBXFileReference; lastKnownFileType = text.plist.strings; name = es; path = es.lproj/Localizable.strings; sourceTree = "<group>"; };
		D9D29A3F189C66F60054BEFF /* es */ = {isa = PBXFileReference; lastKnownFileType = text.plist.strings; name = es; path = es.lproj/InfoPlist.strings; sourceTree = "<group>"; };
		D9D29A40189C66F60054BEFF /* es */ = {isa = PBXFileReference; lastKnownFileType = text.json; name = es; path = es.lproj/gameWords.json; sourceTree = "<group>"; };
		D9DA621318A0061D0087706B /* de */ = {isa = PBXFileReference; lastKnownFileType = text.plist.strings; name = de; path = de.lproj/Main_iPhone.strings; sourceTree = "<group>"; };
		D9DA621418A0061D0087706B /* de */ = {isa = PBXFileReference; lastKnownFileType = text.plist.strings; name = de; path = de.lproj/Localizable.strings; sourceTree = "<group>"; };
		D9DA621518A0061D0087706B /* de */ = {isa = PBXFileReference; lastKnownFileType = text.plist.strings; name = de; path = de.lproj/InfoPlist.strings; sourceTree = "<group>"; };
		D9DA621618A0061E0087706B /* de */ = {isa = PBXFileReference; lastKnownFileType = text.json; name = de; path = de.lproj/gameWords.json; sourceTree = "<group>"; };
		E8E142BDE0F74EDDBCF47688 /* Pods.xcconfig */ = {isa = PBXFileReference; includeInIndex = 1; lastKnownFileType = text.xcconfig; name = Pods.xcconfig; path = Pods/Pods.xcconfig; sourceTree = "<group>"; };
		FAFB5E1997B743519AFE492A /* libPods.a */ = {isa = PBXFileReference; explicitFileType = archive.ar; includeInIndex = 0; path = libPods.a; sourceTree = BUILT_PRODUCTS_DIR; };
/* End PBXFileReference section */

/* Begin PBXFrameworksBuildPhase section */
		D98CA3F5185D338600746059 /* Frameworks */ = {
			isa = PBXFrameworksBuildPhase;
			buildActionMask = 2147483647;
			files = (
				D9CDEC01187B8A3A00AE4163 /* libz.dylib in Frameworks */,
				D9CDEBFF187B8A2F00AE4163 /* SystemConfiguration.framework in Frameworks */,
				D9CDEBFD187B8A2800AE4163 /* CoreData.framework in Frameworks */,
				D9A4F777185E7EFA0060AA2D /* AudioToolbox.framework in Frameworks */,
				D9A4F771185E7D9F0060AA2D /* AVFoundation.framework in Frameworks */,
				D98CA3FE185D338600746059 /* CoreGraphics.framework in Frameworks */,
				D98CA400185D338600746059 /* UIKit.framework in Frameworks */,
				D98CA3FC185D338600746059 /* Foundation.framework in Frameworks */,
				92BC469BDABE4ED8A01A790D /* libPods.a in Frameworks */,
			);
			runOnlyForDeploymentPostprocessing = 0;
		};
/* End PBXFrameworksBuildPhase section */

/* Begin PBXGroup section */
		D98CA3EF185D338600746059 = {
			isa = PBXGroup;
			children = (
				D98CA401185D338600746059 /* Impostor */,
				D98CA3FA185D338600746059 /* Frameworks */,
				D98CA3F9185D338600746059 /* Products */,
				E8E142BDE0F74EDDBCF47688 /* Pods.xcconfig */,
			);
			sourceTree = "<group>";
		};
		D98CA3F9185D338600746059 /* Products */ = {
			isa = PBXGroup;
			children = (
				D98CA3F8185D338600746059 /* Impostor.app */,
			);
			name = Products;
			sourceTree = "<group>";
		};
		D98CA3FA185D338600746059 /* Frameworks */ = {
			isa = PBXGroup;
			children = (
				D9CDEC00187B8A3A00AE4163 /* libz.dylib */,
				D9CDEBFE187B8A2F00AE4163 /* SystemConfiguration.framework */,
				D9CDEBFC187B8A2800AE4163 /* CoreData.framework */,
				D9A4F776185E7EFA0060AA2D /* AudioToolbox.framework */,
				D9A4F770185E7D9F0060AA2D /* AVFoundation.framework */,
				D98CA3FB185D338600746059 /* Foundation.framework */,
				D98CA3FD185D338600746059 /* CoreGraphics.framework */,
				D98CA3FF185D338600746059 /* UIKit.framework */,
				D98CA41D185D338600746059 /* XCTest.framework */,
				FAFB5E1997B743519AFE492A /* libPods.a */,
			);
			name = Frameworks;
			sourceTree = "<group>";
		};
		D98CA401185D338600746059 /* Impostor */ = {
			isa = PBXGroup;
			children = (
				D98CA40A185D338600746059 /* AppDelegate.h */,
				D98CA40B185D338600746059 /* AppDelegate.m */,
				D98CA40D185D338600746059 /* Main_iPhone.storyboard */,
				D9CDEBEC187A3B4A00AE4163 /* Localizable.strings */,
				D98CA416185D338600746059 /* Images.xcassets */,
				D98CA437185D3A3900746059 /* ImpostorGameModel.h */,
				D98CA438185D3A3900746059 /* ImpostorGameModel.m */,
				D98CA413185D338600746059 /* GameConfigurationViewController.h */,
				D98CA414185D338600746059 /* GameConfigurationViewController.m */,
				D98CA43A185D67E800746059 /* MainGameViewController.h */,
				D98CA43B185D67E800746059 /* MainGameViewController.m */,
				D98CA440185D699E00746059 /* SecretWordViewController.h */,
				D98CA441185D699E00746059 /* SecretWordViewController.m */,
				D98CA443185E1C8C00746059 /* EliminationViewController.h */,
				D98CA444185E1C8C00746059 /* EliminationViewController.m */,
				D9A4F761185E310A0060AA2D /* ResultsViewController.h */,
				D9A4F762185E310A0060AA2D /* ResultsViewController.m */,
				D9744FC218B5C1CA00697357 /* CollageViewController.h */,
				D9744FC318B5C1CA00697357 /* CollageViewController.m */,
				D98CA402185D338600746059 /* Supporting Files */,
			);
			path = Impostor;
			sourceTree = "<group>";
		};
		D98CA402185D338600746059 /* Supporting Files */ = {
			isa = PBXGroup;
			children = (
				D98CA403185D338600746059 /* Impostor-Info.plist */,
				D98CA404185D338600746059 /* InfoPlist.strings */,
				D98CA407185D338600746059 /* main.m */,
				D98CA409185D338600746059 /* Impostor-Prefix.pch */,
				D9A4F783185FE0F50060AA2D /* background.jpg */,
				D9A4F781185FDDA90060AA2D /* defaultHeadshot.png */,
				D9CDEBDA1879D97900AE4163 /* minus.png */,
				D9CDEBDB1879D97900AE4163 /* question.png */,
				D9CDEBDC1879D97900AE4163 /* plus.png */,
				D9CDEBDD1879D97900AE4163 /* remove.png */,
				D9CDEBE21879DA2800AE4163 /* cogs.png */,
				D9A4F772185E7DEA0060AA2D /* intro.mp3 */,
				D9A4F774185E7EDE0060AA2D /* buttonPress.mp3 */,
				D9A4F778185E80040060AA2D /* peek.mp3 */,
				D9A4F77A185E80650060AA2D /* eliminate.mp3 */,
				D9A4F77C185E80D10060AA2D /* results.mp3 */,
				D9A2405E18D50DF7005D4DCD /* camera.mp3 */,
				D9CDEBF2187A4B6C00AE4163 /* gameWords.json */,
				D9A4F766185E54480060AA2D /* KxIntroView.h */,
				D9A4F767185E54480060AA2D /* KxIntroView.m */,
				D9A4F768185E54480060AA2D /* KxIntroViewController.h */,
				D9A4F769185E54480060AA2D /* KxIntroViewController.m */,
				D9A4F76A185E54480060AA2D /* KxIntroViewPage.h */,
				D9A4F76B185E54480060AA2D /* KxIntroViewPage.m */,
			);
			name = "Supporting Files";
			sourceTree = "<group>";
		};
/* End PBXGroup section */

/* Begin PBXNativeTarget section */
		D98CA3F7185D338600746059 /* Impostor */ = {
			isa = PBXNativeTarget;
			buildConfigurationList = D98CA42D185D338600746059 /* Build configuration list for PBXNativeTarget "Impostor" */;
			buildPhases = (
				B3684E4B2DBC40C193E7F8DA /* Check Pods Manifest.lock */,
				D98CA3F4185D338600746059 /* Sources */,
				D98CA3F5185D338600746059 /* Frameworks */,
				D98CA3F6185D338600746059 /* Resources */,
				ED1F966979FD4F28AE506B1F /* Copy Pods Resources */,
			);
			buildRules = (
			);
			dependencies = (
			);
			name = Impostor;
			productName = Impostor;
			productReference = D98CA3F8185D338600746059 /* Impostor.app */;
			productType = "com.apple.product-type.application";
		};
/* End PBXNativeTarget section */

/* Begin PBXProject section */
		D98CA3F0185D338600746059 /* Project object */ = {
			isa = PBXProject;
			attributes = {
				LastUpgradeCheck = 0510;
				ORGANIZATIONNAME = "William Entriken";
				TargetAttributes = {
					D98CA3F7185D338600746059 = {
						DevelopmentTeam = 8Q693ZG5RN;
					};
				};
			};
			buildConfigurationList = D98CA3F3185D338600746059 /* Build configuration list for PBXProject "Impostor" */;
			compatibilityVersion = "Xcode 3.2";
			developmentRegion = English;
			hasScannedForEncodings = 0;
			knownRegions = (
				en,
				Base,
				"zh-Hans",
				es,
				ru,
				ko,
				ja,
				de,
				fr,
				nl,
			);
			mainGroup = D98CA3EF185D338600746059;
			productRefGroup = D98CA3F9185D338600746059 /* Products */;
			projectDirPath = "";
			projectRoot = "";
			targets = (
				D98CA3F7185D338600746059 /* Impostor */,
			);
		};
/* End PBXProject section */

/* Begin PBXResourcesBuildPhase section */
		D98CA3F6185D338600746059 /* Resources */ = {
			isa = PBXResourcesBuildPhase;
			buildActionMask = 2147483647;
			files = (
				D9CDEBEE187A3B4A00AE4163 /* Localizable.strings in Resources */,
				D9A4F77B185E80650060AA2D /* eliminate.mp3 in Resources */,
				D9A4F784185FE0F50060AA2D /* background.jpg in Resources */,
				D9CDEBDE1879D97900AE4163 /* minus.png in Resources */,
				D9A4F782185FDDA90060AA2D /* defaultHeadshot.png in Resources */,
				D9CDEBE31879DA2800AE4163 /* cogs.png in Resources */,
				D9A4F779185E80040060AA2D /* peek.mp3 in Resources */,
				D9CDEBF0187A4B6C00AE4163 /* gameWords.json in Resources */,
				D98CA417185D338600746059 /* Images.xcassets in Resources */,
				D9A4F773185E7DEA0060AA2D /* intro.mp3 in Resources */,
				D9CDEBDF1879D97900AE4163 /* question.png in Resources */,
				D9A4F775185E7EDE0060AA2D /* buttonPress.mp3 in Resources */,
				D9CDEBE11879D97900AE4163 /* remove.png in Resources */,
				D9A2405F18D50DF7005D4DCD /* camera.mp3 in Resources */,
				D9CDEBE01879D97900AE4163 /* plus.png in Resources */,
				D9A4F77D185E80D10060AA2D /* results.mp3 in Resources */,
				D98CA40F185D338600746059 /* Main_iPhone.storyboard in Resources */,
				D98CA406185D338600746059 /* InfoPlist.strings in Resources */,
			);
			runOnlyForDeploymentPostprocessing = 0;
		};
/* End PBXResourcesBuildPhase section */

/* Begin PBXShellScriptBuildPhase section */
		B3684E4B2DBC40C193E7F8DA /* Check Pods Manifest.lock */ = {
			isa = PBXShellScriptBuildPhase;
			buildActionMask = 2147483647;
			files = (
			);
			inputPaths = (
			);
			name = "Check Pods Manifest.lock";
			outputPaths = (
			);
			runOnlyForDeploymentPostprocessing = 0;
			shellPath = /bin/sh;
			shellScript = "diff \"${PODS_ROOT}/../Podfile.lock\" \"${PODS_ROOT}/Manifest.lock\" > /dev/null\nif [[ $? != 0 ]] ; then\n    cat << EOM\nerror: The sandbox is not in sync with the Podfile.lock. Run 'pod install' or update your CocoaPods installation.\nEOM\n    exit 1\nfi\n";
			showEnvVarsInLog = 0;
		};
		ED1F966979FD4F28AE506B1F /* Copy Pods Resources */ = {
			isa = PBXShellScriptBuildPhase;
			buildActionMask = 2147483647;
			files = (
			);
			inputPaths = (
			);
			name = "Copy Pods Resources";
			outputPaths = (
			);
			runOnlyForDeploymentPostprocessing = 0;
			shellPath = /bin/sh;
			shellScript = "\"${SRCROOT}/Pods/Pods-resources.sh\"\n";
			showEnvVarsInLog = 0;
		};
/* End PBXShellScriptBuildPhase section */

/* Begin PBXSourcesBuildPhase section */
		D98CA3F4185D338600746059 /* Sources */ = {
			isa = PBXSourcesBuildPhase;
			buildActionMask = 2147483647;
			files = (
				D9744FC418B5C1CA00697357 /* CollageViewController.m in Sources */,
				D9A4F76D185E54480060AA2D /* KxIntroViewController.m in Sources */,
				D98CA439185D3A3900746059 /* ImpostorGameModel.m in Sources */,
				D98CA415185D338600746059 /* GameConfigurationViewController.m in Sources */,
				D98CA442185D699E00746059 /* SecretWordViewController.m in Sources */,
				D9A4F763185E310A0060AA2D /* ResultsViewController.m in Sources */,
				D9A4F76E185E54480060AA2D /* KxIntroViewPage.m in Sources */,
				D98CA445185E1C8C00746059 /* EliminationViewController.m in Sources */,
				D98CA40C185D338600746059 /* AppDelegate.m in Sources */,
				D9A4F76C185E54480060AA2D /* KxIntroView.m in Sources */,
				D98CA43C185D67E800746059 /* MainGameViewController.m in Sources */,
				D98CA408185D338600746059 /* main.m in Sources */,
			);
			runOnlyForDeploymentPostprocessing = 0;
		};
/* End PBXSourcesBuildPhase section */

/* Begin PBXVariantGroup section */
		D98CA404185D338600746059 /* InfoPlist.strings */ = {
			isa = PBXVariantGroup;
			children = (
				D98CA405185D338600746059 /* en */,
				D9CDEBEB187A379500AE4163 /* zh-Hans */,
				D9D29A3F189C66F60054BEFF /* es */,
				D93B5CED189D679F00E90ACD /* ru */,
				D93B5CF2189D696B00E90ACD /* ko */,
				D93B5CF6189EA8A900E90ACD /* ja */,
				D9DA621518A0061D0087706B /* de */,
				D90C9E9118A98C5000DEF541 /* fr */,
				D9A2406218D510FF005D4DCD /* nl */,
			);
			name = InfoPlist.strings;
			sourceTree = "<group>";
		};
		D98CA40D185D338600746059 /* Main_iPhone.storyboard */ = {
			isa = PBXVariantGroup;
			children = (
				D98CA40E185D338600746059 /* Base */,
				D9CDEBEA187A379500AE4163 /* zh-Hans */,
				D9D29A3D189C66F60054BEFF /* es */,
				D93B5CEF189D67A000E90ACD /* ru */,
				D93B5CF0189D696B00E90ACD /* ko */,
				D93B5CF4189EA8A900E90ACD /* ja */,
				D9DA621318A0061D0087706B /* de */,
				D90C9E8F18A98C5000DEF541 /* fr */,
				D9A2406018D510FF005D4DCD /* nl */,
			);
			name = Main_iPhone.storyboard;
			sourceTree = "<group>";
		};
		D9CDEBEC187A3B4A00AE4163 /* Localizable.strings */ = {
			isa = PBXVariantGroup;
			children = (
				D9CDEBED187A3B4A00AE4163 /* en */,
				D9CDEBEF187A3B8100AE4163 /* zh-Hans */,
				D9D29A3E189C66F60054BEFF /* es */,
				D93B5CEC189D679F00E90ACD /* ru */,
				D93B5CF1189D696B00E90ACD /* ko */,
				D93B5CF5189EA8A900E90ACD /* ja */,
				D9DA621418A0061D0087706B /* de */,
				D90C9E9018A98C5000DEF541 /* fr */,
				D9A2406118D510FF005D4DCD /* nl */,
			);
			name = Localizable.strings;
			sourceTree = "<group>";
		};
		D9CDEBF2187A4B6C00AE4163 /* gameWords.json */ = {
			isa = PBXVariantGroup;
			children = (
				D9CDEBF1187A4B6C00AE4163 /* en */,
				D9CDEBF3187A4B8200AE4163 /* zh-Hans */,
				D9D29A40189C66F60054BEFF /* es */,
				D93B5CEE189D679F00E90ACD /* ru */,
				D93B5CF3189D696B00E90ACD /* ko */,
				D93B5CF7189EA8A900E90ACD /* ja */,
				D9DA621618A0061E0087706B /* de */,
				D90C9E9218A98C5000DEF541 /* fr */,
				D9A2406318D510FF005D4DCD /* nl */,
			);
			name = gameWords.json;
			sourceTree = "<group>";
		};
/* End PBXVariantGroup section */

/* Begin XCBuildConfiguration section */
		D98CA42B185D338600746059 /* Debug */ = {
			isa = XCBuildConfiguration;
			buildSettings = {
				ALWAYS_SEARCH_USER_PATHS = NO;
				CLANG_CXX_LANGUAGE_STANDARD = "gnu++0x";
				CLANG_CXX_LIBRARY = "libc++";
				CLANG_ENABLE_MODULES = YES;
				CLANG_ENABLE_OBJC_ARC = YES;
				CLANG_WARN_BOOL_CONVERSION = YES;
				CLANG_WARN_CONSTANT_CONVERSION = YES;
				CLANG_WARN_DIRECT_OBJC_ISA_USAGE = YES_ERROR;
				CLANG_WARN_EMPTY_BODY = YES;
				CLANG_WARN_ENUM_CONVERSION = YES;
				CLANG_WARN_INT_CONVERSION = YES;
				CLANG_WARN_OBJC_ROOT_CLASS = YES_ERROR;
				CLANG_WARN__DUPLICATE_METHOD_MATCH = YES;
				"CODE_SIGN_IDENTITY[sdk=iphoneos*]" = "iPhone Developer";
				COPY_PHASE_STRIP = NO;
				GCC_C_LANGUAGE_STANDARD = gnu99;
				GCC_DYNAMIC_NO_PIC = NO;
				GCC_OPTIMIZATION_LEVEL = 0;
				GCC_PREPROCESSOR_DEFINITIONS = (
					"DEBUG=1",
					"$(inherited)",
				);
				GCC_SYMBOLS_PRIVATE_EXTERN = NO;
				GCC_WARN_64_TO_32_BIT_CONVERSION = YES;
				GCC_WARN_ABOUT_RETURN_TYPE = YES_ERROR;
				GCC_WARN_UNDECLARED_SELECTOR = YES;
				GCC_WARN_UNINITIALIZED_AUTOS = YES;
				GCC_WARN_UNUSED_FUNCTION = YES;
				GCC_WARN_UNUSED_VARIABLE = YES;
				IPHONEOS_DEPLOYMENT_TARGET = 7.0;
				ONLY_ACTIVE_ARCH = YES;
				SDKROOT = iphoneos;
				TARGETED_DEVICE_FAMILY = "1,2";
			};
			name = Debug;
		};
		D98CA42C185D338600746059 /* Release */ = {
			isa = XCBuildConfiguration;
			buildSettings = {
				ALWAYS_SEARCH_USER_PATHS = NO;
				CLANG_CXX_LANGUAGE_STANDARD = "gnu++0x";
				CLANG_CXX_LIBRARY = "libc++";
				CLANG_ENABLE_MODULES = YES;
				CLANG_ENABLE_OBJC_ARC = YES;
				CLANG_WARN_BOOL_CONVERSION = YES;
				CLANG_WARN_CONSTANT_CONVERSION = YES;
				CLANG_WARN_DIRECT_OBJC_ISA_USAGE = YES_ERROR;
				CLANG_WARN_EMPTY_BODY = YES;
				CLANG_WARN_ENUM_CONVERSION = YES;
				CLANG_WARN_INT_CONVERSION = YES;
				CLANG_WARN_OBJC_ROOT_CLASS = YES_ERROR;
				CLANG_WARN__DUPLICATE_METHOD_MATCH = YES;
				"CODE_SIGN_IDENTITY[sdk=iphoneos*]" = "iPhone Developer";
				COPY_PHASE_STRIP = YES;
				ENABLE_NS_ASSERTIONS = NO;
				GCC_C_LANGUAGE_STANDARD = gnu99;
				GCC_WARN_64_TO_32_BIT_CONVERSION = YES;
				GCC_WARN_ABOUT_RETURN_TYPE = YES_ERROR;
				GCC_WARN_UNDECLARED_SELECTOR = YES;
				GCC_WARN_UNINITIALIZED_AUTOS = YES;
				GCC_WARN_UNUSED_FUNCTION = YES;
				GCC_WARN_UNUSED_VARIABLE = YES;
				IPHONEOS_DEPLOYMENT_TARGET = 7.0;
				SDKROOT = iphoneos;
				TARGETED_DEVICE_FAMILY = "1,2";
				VALIDATE_PRODUCT = YES;
			};
			name = Release;
		};
		D98CA42E185D338600746059 /* Debug */ = {
			isa = XCBuildConfiguration;
			baseConfigurationReference = E8E142BDE0F74EDDBCF47688 /* Pods.xcconfig */;
			buildSettings = {
				ASSETCATALOG_COMPILER_APPICON_NAME = AppIcon;
				ASSETCATALOG_COMPILER_LAUNCHIMAGE_NAME = LaunchImage;
				CODE_SIGN_IDENTITY = "iPhone Developer: Will Entriken (LZSQ9DS457)";
				GCC_PRECOMPILE_PREFIX_HEADER = YES;
				GCC_PREFIX_HEADER = "Impostor/Impostor-Prefix.pch";
				INFOPLIST_FILE = "Impostor/Impostor-Info.plist";
				LIBRARY_SEARCH_PATHS = (
					"$(inherited)",
					/Users/williamentriken/Developer/Impostor/Impostor,
				);
				PRODUCT_NAME = Impostor;
				WRAPPER_EXTENSION = app;
			};
			name = Debug;
		};
		D98CA42F185D338600746059 /* Release */ = {
			isa = XCBuildConfiguration;
			baseConfigurationReference = E8E142BDE0F74EDDBCF47688 /* Pods.xcconfig */;
			buildSettings = {
				ASSETCATALOG_COMPILER_APPICON_NAME = AppIcon;
				ASSETCATALOG_COMPILER_LAUNCHIMAGE_NAME = LaunchImage;
				CODE_SIGN_IDENTITY = "iPhone Developer: Will Entriken (LZSQ9DS457)";
				GCC_PRECOMPILE_PREFIX_HEADER = YES;
				GCC_PREFIX_HEADER = "Impostor/Impostor-Prefix.pch";
				INFOPLIST_FILE = "Impostor/Impostor-Info.plist";
				LIBRARY_SEARCH_PATHS = (
					"$(inherited)",
					/Users/williamentriken/Developer/Impostor/Impostor,
				);
				PRODUCT_NAME = Impostor;
				WRAPPER_EXTENSION = app;
			};
			name = Release;
		};
/* End XCBuildConfiguration section */

/* Begin XCConfigurationList section */
		D98CA3F3185D338600746059 /* Build configuration list for PBXProject "Impostor" */ = {
			isa = XCConfigurationList;
			buildConfigurations = (
				D98CA42B185D338600746059 /* Debug */,
				D98CA42C185D338600746059 /* Release */,
			);
			defaultConfigurationIsVisible = 0;
			defaultConfigurationName = Release;
		};
		D98CA42D185D338600746059 /* Build configuration list for PBXNativeTarget "Impostor" */ = {
			isa = XCConfigurationList;
			buildConfigurations = (
				D98CA42E185D338600746059 /* Debug */,
				D98CA42F185D338600746059 /* Release */,
			);
			defaultConfigurationIsVisible = 0;
			defaultConfigurationName = Release;
		};
/* End XCConfigurationList section */
	};
	rootObject = D98CA3F0185D338600746059 /* Project object */;
}
