// !$*UTF8*$!
{
	archiveVersion = 1;
	classes = {
	};
	objectVersion = 56;
	objects = {

/* Begin PBXBuildFile section */
		D95B5BE02B51F114006EFE01 /* ImpostorGame.swift in Sources */ = {isa = PBXBuildFile; fileRef = D95B5BDF2B51F114006EFE01 /* ImpostorGame.swift */; };
		D95B5BE62B5322A3006EFE01 /* CameraPicker.swift in Sources */ = {isa = PBXBuildFile; fileRef = D95B5BE52B5322A3006EFE01 /* CameraPicker.swift */; };
		D95B5BE82B53270C006EFE01 /* HelpScene.swift in Sources */ = {isa = PBXBuildFile; fileRef = D95B5BE72B53270C006EFE01 /* HelpScene.swift */; };
		D95B5BEA2B532FD5006EFE01 /* ResultsScene.swift in Sources */ = {isa = PBXBuildFile; fileRef = D95B5BE92B532FD5006EFE01 /* ResultsScene.swift */; };
		D95B5BEC2B533050006EFE01 /* ImpostorButton.swift in Sources */ = {isa = PBXBuildFile; fileRef = D95B5BEB2B533050006EFE01 /* ImpostorButton.swift */; };
		D96817B82B4A009C00E05B99 /* ShowSecretWordScene.swift in Sources */ = {isa = PBXBuildFile; fileRef = D96817B72B4A009C00E05B99 /* ShowSecretWordScene.swift */; };
		D99E129A2B5C5B450061FD02 /* tmp.swift in Sources */ = {isa = PBXBuildFile; fileRef = D99E12992B5C5B450061FD02 /* tmp.swift */; };
		D9A1091F2B49DBF900264D54 /* ConfigurationScene.swift in Sources */ = {isa = PBXBuildFile; fileRef = D9A1091E2B49DBF900264D54 /* ConfigurationScene.swift */; };
		D9A109212B49E0E800264D54 /* Localizable.xcstrings in Resources */ = {isa = PBXBuildFile; fileRef = D9A109202B49E0E800264D54 /* Localizable.xcstrings */; };
		D9A109232B49E3D000264D54 /* buttonPress.mp3 in Resources */ = {isa = PBXBuildFile; fileRef = D9A109222B49E3D000264D54 /* buttonPress.mp3 */; };
		D9A109252B49E3DE00264D54 /* camera.mp3 in Resources */ = {isa = PBXBuildFile; fileRef = D9A109242B49E3DE00264D54 /* camera.mp3 */; };
		D9A109272B49E3EB00264D54 /* eliminate.mp3 in Resources */ = {isa = PBXBuildFile; fileRef = D9A109262B49E3EB00264D54 /* eliminate.mp3 */; };
		D9A109292B49E3F500264D54 /* intro.mp3 in Resources */ = {isa = PBXBuildFile; fileRef = D9A109282B49E3F500264D54 /* intro.mp3 */; };
		D9A1092B2B49E3F900264D54 /* peek.mp3 in Resources */ = {isa = PBXBuildFile; fileRef = D9A1092A2B49E3F900264D54 /* peek.mp3 */; };
		D9A1092D2B49E3FF00264D54 /* results-impostor-won.mp3 in Resources */ = {isa = PBXBuildFile; fileRef = D9A1092C2B49E3FF00264D54 /* results-impostor-won.mp3 */; };
		D9A1092F2B49E40400264D54 /* results-impostor-defeated.mp3 in Resources */ = {isa = PBXBuildFile; fileRef = D9A1092E2B49E40400264D54 /* results-impostor-defeated.mp3 */; };
		D9A109312B49E98E00264D54 /* AudioManager.swift in Sources */ = {isa = PBXBuildFile; fileRef = D9A109302B49E98E00264D54 /* AudioManager.swift */; };
		D9A16D792B5E0FE0000D974C /* SharePhotoView.swift in Sources */ = {isa = PBXBuildFile; fileRef = D9A16D782B5E0FE0000D974C /* SharePhotoView.swift */; };
		D9B910CA2B46606500E117DF /* gameWords.json in Resources */ = {isa = PBXBuildFile; fileRef = D9B910CC2B46606500E117DF /* gameWords.json */; };
		D9B910D82B4660E300E117DF /* gameWordsMore.json in Resources */ = {isa = PBXBuildFile; fileRef = D9B910DA2B4660E300E117DF /* gameWordsMore.json */; };
		D9B910E52B4661FC00E117DF /* GameModelTests.swift in Sources */ = {isa = PBXBuildFile; fileRef = D9B910E42B4661FC00E117DF /* GameModelTests.swift */; };
		D9B910E82B46698D00E117DF /* defaultHeadshot.png in Resources */ = {isa = PBXBuildFile; fileRef = D9B910E72B46698D00E117DF /* defaultHeadshot.png */; };
		D9B910EA2B46725A00E117DF /* PlayerCard.swift in Sources */ = {isa = PBXBuildFile; fileRef = D9B910E92B46725A00E117DF /* PlayerCard.swift */; };
		D9CCC46E2B47A1FE0061E15D /* FitGrid.swift in Sources */ = {isa = PBXBuildFile; fileRef = D9CCC46D2B47A1FE0061E15D /* FitGrid.swift */; };
		D9CE60D42B63638C00E0FF5A /* ImpostorTextStyle.swift in Sources */ = {isa = PBXBuildFile; fileRef = D9CE60D32B63638C00E0FF5A /* ImpostorTextStyle.swift */; };
		D9F4BFBD2B41BDB800E500DA /* ImpostorApp.swift in Sources */ = {isa = PBXBuildFile; fileRef = D9F4BFBC2B41BDB800E500DA /* ImpostorApp.swift */; };
		D9F4BFC12B41BDB900E500DA /* Assets.xcassets in Resources */ = {isa = PBXBuildFile; fileRef = D9F4BFC02B41BDB900E500DA /* Assets.xcassets */; };
		D9F4BFC42B41BDB900E500DA /* Preview Assets.xcassets in Resources */ = {isa = PBXBuildFile; fileRef = D9F4BFC32B41BDB900E500DA /* Preview Assets.xcassets */; };
		D9F4BFCE2B41BDB900E500DA /* ImpostorTests.swift in Sources */ = {isa = PBXBuildFile; fileRef = D9F4BFCD2B41BDB900E500DA /* ImpostorTests.swift */; };
		D9F4BFD82B41BDB900E500DA /* ImpostorUITests.swift in Sources */ = {isa = PBXBuildFile; fileRef = D9F4BFD72B41BDB900E500DA /* ImpostorUITests.swift */; };
		D9F4BFDA2B41BDB900E500DA /* ImpostorUITestsLaunchTests.swift in Sources */ = {isa = PBXBuildFile; fileRef = D9F4BFD92B41BDB900E500DA /* ImpostorUITestsLaunchTests.swift */; };
		D9F4BFEC2B4233B300E500DA /* PlayerImages.swift in Sources */ = {isa = PBXBuildFile; fileRef = D9F4BFEB2B4233B300E500DA /* PlayerImages.swift */; };
/* End PBXBuildFile section */

/* Begin PBXContainerItemProxy section */
		D9F4BFCA2B41BDB900E500DA /* PBXContainerItemProxy */ = {
			isa = PBXContainerItemProxy;
			containerPortal = D9F4BFB12B41BDB800E500DA /* Project object */;
			proxyType = 1;
			remoteGlobalIDString = D9F4BFB82B41BDB800E500DA;
			remoteInfo = Impostor;
		};
		D9F4BFD42B41BDB900E500DA /* PBXContainerItemProxy */ = {
			isa = PBXContainerItemProxy;
			containerPortal = D9F4BFB12B41BDB800E500DA /* Project object */;
			proxyType = 1;
			remoteGlobalIDString = D9F4BFB82B41BDB800E500DA;
			remoteInfo = Impostor;
		};
/* End PBXContainerItemProxy section */

/* Begin PBXFileReference section */
		D95B5BDF2B51F114006EFE01 /* ImpostorGame.swift */ = {isa = PBXFileReference; lastKnownFileType = sourcecode.swift; path = ImpostorGame.swift; sourceTree = "<group>"; };
		D95B5BE52B5322A3006EFE01 /* CameraPicker.swift */ = {isa = PBXFileReference; lastKnownFileType = sourcecode.swift; path = CameraPicker.swift; sourceTree = "<group>"; };
		D95B5BE72B53270C006EFE01 /* HelpScene.swift */ = {isa = PBXFileReference; lastKnownFileType = sourcecode.swift; path = HelpScene.swift; sourceTree = "<group>"; };
		D95B5BE92B532FD5006EFE01 /* ResultsScene.swift */ = {isa = PBXFileReference; lastKnownFileType = sourcecode.swift; path = ResultsScene.swift; sourceTree = "<group>"; };
		D95B5BEB2B533050006EFE01 /* ImpostorButton.swift */ = {isa = PBXFileReference; lastKnownFileType = sourcecode.swift; path = ImpostorButton.swift; sourceTree = "<group>"; };
		D96817B72B4A009C00E05B99 /* ShowSecretWordScene.swift */ = {isa = PBXFileReference; lastKnownFileType = sourcecode.swift; path = ShowSecretWordScene.swift; sourceTree = "<group>"; };
		D99E12992B5C5B450061FD02 /* tmp.swift */ = {isa = PBXFileReference; lastKnownFileType = sourcecode.swift; path = tmp.swift; sourceTree = "<group>"; };
		D9A1091E2B49DBF900264D54 /* ConfigurationScene.swift */ = {isa = PBXFileReference; lastKnownFileType = sourcecode.swift; path = ConfigurationScene.swift; sourceTree = "<group>"; };
		D9A109202B49E0E800264D54 /* Localizable.xcstrings */ = {isa = PBXFileReference; lastKnownFileType = text.json.xcstrings; path = Localizable.xcstrings; sourceTree = "<group>"; };
		D9A109222B49E3D000264D54 /* buttonPress.mp3 */ = {isa = PBXFileReference; lastKnownFileType = audio.mp3; path = buttonPress.mp3; sourceTree = "<group>"; };
		D9A109242B49E3DE00264D54 /* camera.mp3 */ = {isa = PBXFileReference; lastKnownFileType = audio.mp3; path = camera.mp3; sourceTree = "<group>"; };
		D9A109262B49E3EB00264D54 /* eliminate.mp3 */ = {isa = PBXFileReference; lastKnownFileType = audio.mp3; path = eliminate.mp3; sourceTree = "<group>"; };
		D9A109282B49E3F500264D54 /* intro.mp3 */ = {isa = PBXFileReference; lastKnownFileType = audio.mp3; path = intro.mp3; sourceTree = "<group>"; };
		D9A1092A2B49E3F900264D54 /* peek.mp3 */ = {isa = PBXFileReference; lastKnownFileType = audio.mp3; path = peek.mp3; sourceTree = "<group>"; };
		D9A1092C2B49E3FF00264D54 /* results-impostor-won.mp3 */ = {isa = PBXFileReference; lastKnownFileType = audio.mp3; path = "results-impostor-won.mp3"; sourceTree = "<group>"; };
		D9A1092E2B49E40400264D54 /* results-impostor-defeated.mp3 */ = {isa = PBXFileReference; lastKnownFileType = audio.mp3; path = "results-impostor-defeated.mp3"; sourceTree = "<group>"; };
		D9A109302B49E98E00264D54 /* AudioManager.swift */ = {isa = PBXFileReference; lastKnownFileType = sourcecode.swift; path = AudioManager.swift; sourceTree = "<group>"; };
		D9A16D782B5E0FE0000D974C /* SharePhotoView.swift */ = {isa = PBXFileReference; lastKnownFileType = sourcecode.swift; path = SharePhotoView.swift; sourceTree = "<group>"; };
		D9B910CB2B46606500E117DF /* en */ = {isa = PBXFileReference; lastKnownFileType = text.json; name = en; path = en.lproj/gameWords.json; sourceTree = "<group>"; };
		D9B910CD2B46606900E117DF /* zh-Hans */ = {isa = PBXFileReference; lastKnownFileType = text.json; name = "zh-Hans"; path = "zh-Hans.lproj/gameWords.json"; sourceTree = "<group>"; };
		D9B910CE2B46606A00E117DF /* nl */ = {isa = PBXFileReference; lastKnownFileType = text.json; name = nl; path = nl.lproj/gameWords.json; sourceTree = "<group>"; };
		D9B910CF2B46606A00E117DF /* de */ = {isa = PBXFileReference; lastKnownFileType = text.json; name = de; path = de.lproj/gameWords.json; sourceTree = "<group>"; };
		D9B910D02B46606B00E117DF /* fr */ = {isa = PBXFileReference; lastKnownFileType = text.json; name = fr; path = fr.lproj/gameWords.json; sourceTree = "<group>"; };
		D9B910D12B46606C00E117DF /* ja */ = {isa = PBXFileReference; lastKnownFileType = text.json; name = ja; path = ja.lproj/gameWords.json; sourceTree = "<group>"; };
		D9B910D22B46606C00E117DF /* ko */ = {isa = PBXFileReference; lastKnownFileType = text.json; name = ko; path = ko.lproj/gameWords.json; sourceTree = "<group>"; };
		D9B910D32B46606D00E117DF /* pt-BR */ = {isa = PBXFileReference; lastKnownFileType = text.json; name = "pt-BR"; path = "pt-BR.lproj/gameWords.json"; sourceTree = "<group>"; };
		D9B910D42B46606D00E117DF /* es */ = {isa = PBXFileReference; lastKnownFileType = text.json; name = es; path = es.lproj/gameWords.json; sourceTree = "<group>"; };
		D9B910D52B46606E00E117DF /* ru */ = {isa = PBXFileReference; lastKnownFileType = text.json; name = ru; path = ru.lproj/gameWords.json; sourceTree = "<group>"; };
		D9B910D92B4660E300E117DF /* en */ = {isa = PBXFileReference; lastKnownFileType = text.json; name = en; path = en.lproj/gameWordsMore.json; sourceTree = "<group>"; };
		D9B910DB2B4660E500E117DF /* nl */ = {isa = PBXFileReference; lastKnownFileType = text.json; name = nl; path = nl.lproj/gameWordsMore.json; sourceTree = "<group>"; };
		D9B910DC2B4660E600E117DF /* zh-Hans */ = {isa = PBXFileReference; lastKnownFileType = text.json; name = "zh-Hans"; path = "zh-Hans.lproj/gameWordsMore.json"; sourceTree = "<group>"; };
		D9B910DD2B4660E700E117DF /* fr */ = {isa = PBXFileReference; lastKnownFileType = text.json; name = fr; path = fr.lproj/gameWordsMore.json; sourceTree = "<group>"; };
		D9B910DE2B4660E700E117DF /* ja */ = {isa = PBXFileReference; lastKnownFileType = text.json; name = ja; path = ja.lproj/gameWordsMore.json; sourceTree = "<group>"; };
		D9B910DF2B4660E800E117DF /* ko */ = {isa = PBXFileReference; lastKnownFileType = text.json; name = ko; path = ko.lproj/gameWordsMore.json; sourceTree = "<group>"; };
		D9B910E02B4660E800E117DF /* pt-BR */ = {isa = PBXFileReference; lastKnownFileType = text.json; name = "pt-BR"; path = "pt-BR.lproj/gameWordsMore.json"; sourceTree = "<group>"; };
		D9B910E12B4660E900E117DF /* ru */ = {isa = PBXFileReference; lastKnownFileType = text.json; name = ru; path = ru.lproj/gameWordsMore.json; sourceTree = "<group>"; };
		D9B910E22B4660EA00E117DF /* es */ = {isa = PBXFileReference; lastKnownFileType = text.json; name = es; path = es.lproj/gameWordsMore.json; sourceTree = "<group>"; };
		D9B910E32B4660EA00E117DF /* de */ = {isa = PBXFileReference; lastKnownFileType = text.json; name = de; path = de.lproj/gameWordsMore.json; sourceTree = "<group>"; };
		D9B910E42B4661FC00E117DF /* GameModelTests.swift */ = {isa = PBXFileReference; lastKnownFileType = sourcecode.swift; path = GameModelTests.swift; sourceTree = "<group>"; };
		D9B910E72B46698D00E117DF /* defaultHeadshot.png */ = {isa = PBXFileReference; lastKnownFileType = image.png; path = defaultHeadshot.png; sourceTree = "<group>"; };
		D9B910E92B46725A00E117DF /* PlayerCard.swift */ = {isa = PBXFileReference; lastKnownFileType = sourcecode.swift; path = PlayerCard.swift; sourceTree = "<group>"; };
		D9CCC46D2B47A1FE0061E15D /* FitGrid.swift */ = {isa = PBXFileReference; lastKnownFileType = sourcecode.swift; path = FitGrid.swift; sourceTree = "<group>"; };
		D9CE60D32B63638C00E0FF5A /* ImpostorTextStyle.swift */ = {isa = PBXFileReference; lastKnownFileType = sourcecode.swift; path = ImpostorTextStyle.swift; sourceTree = "<group>"; };
		D9F4BFB92B41BDB800E500DA /* Impostor.app */ = {isa = PBXFileReference; explicitFileType = wrapper.application; includeInIndex = 0; path = Impostor.app; sourceTree = BUILT_PRODUCTS_DIR; };
		D9F4BFBC2B41BDB800E500DA /* ImpostorApp.swift */ = {isa = PBXFileReference; lastKnownFileType = sourcecode.swift; path = ImpostorApp.swift; sourceTree = "<group>"; };
		D9F4BFC02B41BDB900E500DA /* Assets.xcassets */ = {isa = PBXFileReference; lastKnownFileType = folder.assetcatalog; path = Assets.xcassets; sourceTree = "<group>"; };
		D9F4BFC32B41BDB900E500DA /* Preview Assets.xcassets */ = {isa = PBXFileReference; lastKnownFileType = folder.assetcatalog; path = "Preview Assets.xcassets"; sourceTree = "<group>"; };
		D9F4BFC92B41BDB900E500DA /* ImpostorTests.xctest */ = {isa = PBXFileReference; explicitFileType = wrapper.cfbundle; includeInIndex = 0; path = ImpostorTests.xctest; sourceTree = BUILT_PRODUCTS_DIR; };
		D9F4BFCD2B41BDB900E500DA /* ImpostorTests.swift */ = {isa = PBXFileReference; lastKnownFileType = sourcecode.swift; path = ImpostorTests.swift; sourceTree = "<group>"; };
		D9F4BFD32B41BDB900E500DA /* ImpostorUITests.xctest */ = {isa = PBXFileReference; explicitFileType = wrapper.cfbundle; includeInIndex = 0; path = ImpostorUITests.xctest; sourceTree = BUILT_PRODUCTS_DIR; };
		D9F4BFD72B41BDB900E500DA /* ImpostorUITests.swift */ = {isa = PBXFileReference; lastKnownFileType = sourcecode.swift; path = ImpostorUITests.swift; sourceTree = "<group>"; };
		D9F4BFD92B41BDB900E500DA /* ImpostorUITestsLaunchTests.swift */ = {isa = PBXFileReference; lastKnownFileType = sourcecode.swift; path = ImpostorUITestsLaunchTests.swift; sourceTree = "<group>"; };
		D9F4BFEB2B4233B300E500DA /* PlayerImages.swift */ = {isa = PBXFileReference; lastKnownFileType = sourcecode.swift; path = PlayerImages.swift; sourceTree = "<group>"; };
/* End PBXFileReference section */

/* Begin PBXFrameworksBuildPhase section */
		D9F4BFB62B41BDB800E500DA /* Frameworks */ = {
			isa = PBXFrameworksBuildPhase;
			buildActionMask = 2147483647;
			files = (
			);
			runOnlyForDeploymentPostprocessing = 0;
		};
		D9F4BFC62B41BDB900E500DA /* Frameworks */ = {
			isa = PBXFrameworksBuildPhase;
			buildActionMask = 2147483647;
			files = (
			);
			runOnlyForDeploymentPostprocessing = 0;
		};
		D9F4BFD02B41BDB900E500DA /* Frameworks */ = {
			isa = PBXFrameworksBuildPhase;
			buildActionMask = 2147483647;
			files = (
			);
			runOnlyForDeploymentPostprocessing = 0;
		};
/* End PBXFrameworksBuildPhase section */

/* Begin PBXGroup section */
		D92617FB2B465C1D00E1569B /* Views */ = {
			isa = PBXGroup;
			children = (
				D99E12992B5C5B450061FD02 /* tmp.swift */,
				D9A1091E2B49DBF900264D54 /* ConfigurationScene.swift */,
				D95B5BE72B53270C006EFE01 /* HelpScene.swift */,
				D96817B72B4A009C00E05B99 /* ShowSecretWordScene.swift */,
				D95B5BE92B532FD5006EFE01 /* ResultsScene.swift */,
				D9CCC46D2B47A1FE0061E15D /* FitGrid.swift */,
				D95B5BE52B5322A3006EFE01 /* CameraPicker.swift */,
				D95B5BEB2B533050006EFE01 /* ImpostorButton.swift */,
				D9CE60D32B63638C00E0FF5A /* ImpostorTextStyle.swift */,
				D9B910E92B46725A00E117DF /* PlayerCard.swift */,
				D9A16D782B5E0FE0000D974C /* SharePhotoView.swift */,
			);
			path = Views;
			sourceTree = "<group>";
		};
		D92617FC2B465DE500E1569B /* Resources */ = {
			isa = PBXGroup;
			children = (
				D9A109242B49E3DE00264D54 /* camera.mp3 */,
				D9A109222B49E3D000264D54 /* buttonPress.mp3 */,
				D9A109262B49E3EB00264D54 /* eliminate.mp3 */,
				D9A109282B49E3F500264D54 /* intro.mp3 */,
				D9A1092A2B49E3F900264D54 /* peek.mp3 */,
				D9A1092C2B49E3FF00264D54 /* results-impostor-won.mp3 */,
				D9A1092E2B49E40400264D54 /* results-impostor-defeated.mp3 */,
				D9A109202B49E0E800264D54 /* Localizable.xcstrings */,
				D9B910E72B46698D00E117DF /* defaultHeadshot.png */,
				D9B910DA2B4660E300E117DF /* gameWordsMore.json */,
				D9B910CC2B46606500E117DF /* gameWords.json */,
			);
			path = Resources;
			sourceTree = "<group>";
		};
		D9F4BFB02B41BDB800E500DA = {
			isa = PBXGroup;
			children = (
				D9F4BFBB2B41BDB800E500DA /* Impostor */,
				D9F4BFCC2B41BDB900E500DA /* ImpostorTests */,
				D9F4BFD62B41BDB900E500DA /* ImpostorUITests */,
				D9F4BFBA2B41BDB800E500DA /* Products */,
			);
			sourceTree = "<group>";
		};
		D9F4BFBA2B41BDB800E500DA /* Products */ = {
			isa = PBXGroup;
			children = (
				D9F4BFB92B41BDB800E500DA /* Impostor.app */,
				D9F4BFC92B41BDB900E500DA /* ImpostorTests.xctest */,
				D9F4BFD32B41BDB900E500DA /* ImpostorUITests.xctest */,
			);
			name = Products;
			sourceTree = "<group>";
		};
		D9F4BFBB2B41BDB800E500DA /* Impostor */ = {
			isa = PBXGroup;
			children = (
				D9F4BFBC2B41BDB800E500DA /* ImpostorApp.swift */,
				D92617FB2B465C1D00E1569B /* Views */,
				D9F4BFEA2B42338800E500DA /* Model */,
				D92617FC2B465DE500E1569B /* Resources */,
				D9F4BFC02B41BDB900E500DA /* Assets.xcassets */,
				D9F4BFC22B41BDB900E500DA /* Preview Content */,
			);
			path = Impostor;
			sourceTree = "<group>";
		};
		D9F4BFC22B41BDB900E500DA /* Preview Content */ = {
			isa = PBXGroup;
			children = (
				D9F4BFC32B41BDB900E500DA /* Preview Assets.xcassets */,
			);
			path = "Preview Content";
			sourceTree = "<group>";
		};
		D9F4BFCC2B41BDB900E500DA /* ImpostorTests */ = {
			isa = PBXGroup;
			children = (
				D9F4BFCD2B41BDB900E500DA /* ImpostorTests.swift */,
				D9B910E42B4661FC00E117DF /* GameModelTests.swift */,
			);
			path = ImpostorTests;
			sourceTree = "<group>";
		};
		D9F4BFD62B41BDB900E500DA /* ImpostorUITests */ = {
			isa = PBXGroup;
			children = (
				D9F4BFD72B41BDB900E500DA /* ImpostorUITests.swift */,
				D9F4BFD92B41BDB900E500DA /* ImpostorUITestsLaunchTests.swift */,
			);
			path = ImpostorUITests;
			sourceTree = "<group>";
		};
		D9F4BFEA2B42338800E500DA /* Model */ = {
			isa = PBXGroup;
			children = (
				D95B5BDF2B51F114006EFE01 /* ImpostorGame.swift */,
				D9F4BFEB2B4233B300E500DA /* PlayerImages.swift */,
				D9A109302B49E98E00264D54 /* AudioManager.swift */,
			);
			path = Model;
			sourceTree = "<group>";
		};
/* End PBXGroup section */

/* Begin PBXNativeTarget section */
		D9F4BFB82B41BDB800E500DA /* Impostor */ = {
			isa = PBXNativeTarget;
			buildConfigurationList = D9F4BFDD2B41BDB900E500DA /* Build configuration list for PBXNativeTarget "Impostor" */;
			buildPhases = (
				D9F4BFB52B41BDB800E500DA /* Sources */,
				D9F4BFB62B41BDB800E500DA /* Frameworks */,
				D9F4BFB72B41BDB800E500DA /* Resources */,
			);
			buildRules = (
			);
			dependencies = (
			);
			name = Impostor;
			productName = Impostor;
			productReference = D9F4BFB92B41BDB800E500DA /* Impostor.app */;
			productType = "com.apple.product-type.application";
		};
		D9F4BFC82B41BDB900E500DA /* ImpostorTests */ = {
			isa = PBXNativeTarget;
			buildConfigurationList = D9F4BFE02B41BDB900E500DA /* Build configuration list for PBXNativeTarget "ImpostorTests" */;
			buildPhases = (
				D9F4BFC52B41BDB900E500DA /* Sources */,
				D9F4BFC62B41BDB900E500DA /* Frameworks */,
				D9F4BFC72B41BDB900E500DA /* Resources */,
			);
			buildRules = (
			);
			dependencies = (
				D9F4BFCB2B41BDB900E500DA /* PBXTargetDependency */,
			);
			name = ImpostorTests;
			productName = ImpostorTests;
			productReference = D9F4BFC92B41BDB900E500DA /* ImpostorTests.xctest */;
			productType = "com.apple.product-type.bundle.unit-test";
		};
		D9F4BFD22B41BDB900E500DA /* ImpostorUITests */ = {
			isa = PBXNativeTarget;
			buildConfigurationList = D9F4BFE32B41BDB900E500DA /* Build configuration list for PBXNativeTarget "ImpostorUITests" */;
			buildPhases = (
				D9F4BFCF2B41BDB900E500DA /* Sources */,
				D9F4BFD02B41BDB900E500DA /* Frameworks */,
				D9F4BFD12B41BDB900E500DA /* Resources */,
			);
			buildRules = (
			);
			dependencies = (
				D9F4BFD52B41BDB900E500DA /* PBXTargetDependency */,
			);
			name = ImpostorUITests;
			productName = ImpostorUITests;
			productReference = D9F4BFD32B41BDB900E500DA /* ImpostorUITests.xctest */;
			productType = "com.apple.product-type.bundle.ui-testing";
		};
/* End PBXNativeTarget section */

/* Begin PBXProject section */
		D9F4BFB12B41BDB800E500DA /* Project object */ = {
			isa = PBXProject;
			attributes = {
				BuildIndependentTargetsInParallel = 1;
				LastSwiftUpdateCheck = 1510;
				LastUpgradeCheck = 1520;
				TargetAttributes = {
					D9F4BFB82B41BDB800E500DA = {
						CreatedOnToolsVersion = 15.1;
					};
					D9F4BFC82B41BDB900E500DA = {
						CreatedOnToolsVersion = 15.1;
						TestTargetID = D9F4BFB82B41BDB800E500DA;
					};
					D9F4BFD22B41BDB900E500DA = {
						CreatedOnToolsVersion = 15.1;
						TestTargetID = D9F4BFB82B41BDB800E500DA;
					};
				};
			};
			buildConfigurationList = D9F4BFB42B41BDB800E500DA /* Build configuration list for PBXProject "Impostor" */;
			compatibilityVersion = "Xcode 14.0";
			developmentRegion = en;
			hasScannedForEncodings = 0;
			knownRegions = (
				en,
				"zh-Hans",
				es,
				ru,
				ko,
				ja,
				de,
				fr,
				nl,
				"pt-BR",
				Base,
			);
			mainGroup = D9F4BFB02B41BDB800E500DA;
			productRefGroup = D9F4BFBA2B41BDB800E500DA /* Products */;
			projectDirPath = "";
			projectRoot = "";
			targets = (
				D9F4BFB82B41BDB800E500DA /* Impostor */,
				D9F4BFC82B41BDB900E500DA /* ImpostorTests */,
				D9F4BFD22B41BDB900E500DA /* ImpostorUITests */,
			);
		};
/* End PBXProject section */

/* Begin PBXResourcesBuildPhase section */
		D9F4BFB72B41BDB800E500DA /* Resources */ = {
			isa = PBXResourcesBuildPhase;
			buildActionMask = 2147483647;
			files = (
				D9F4BFC42B41BDB900E500DA /* Preview Assets.xcassets in Resources */,
				D9A109252B49E3DE00264D54 /* camera.mp3 in Resources */,
				D9A1092B2B49E3F900264D54 /* peek.mp3 in Resources */,
				D9B910CA2B46606500E117DF /* gameWords.json in Resources */,
				D9A109272B49E3EB00264D54 /* eliminate.mp3 in Resources */,
				D9A109232B49E3D000264D54 /* buttonPress.mp3 in Resources */,
				D9A109212B49E0E800264D54 /* Localizable.xcstrings in Resources */,
				D9A1092F2B49E40400264D54 /* results-impostor-defeated.mp3 in Resources */,
				D9B910D82B4660E300E117DF /* gameWordsMore.json in Resources */,
				D9B910E82B46698D00E117DF /* defaultHeadshot.png in Resources */,
				D9F4BFC12B41BDB900E500DA /* Assets.xcassets in Resources */,
				D9A109292B49E3F500264D54 /* intro.mp3 in Resources */,
				D9A1092D2B49E3FF00264D54 /* results-impostor-won.mp3 in Resources */,
			);
			runOnlyForDeploymentPostprocessing = 0;
		};
		D9F4BFC72B41BDB900E500DA /* Resources */ = {
			isa = PBXResourcesBuildPhase;
			buildActionMask = 2147483647;
			files = (
			);
			runOnlyForDeploymentPostprocessing = 0;
		};
		D9F4BFD12B41BDB900E500DA /* Resources */ = {
			isa = PBXResourcesBuildPhase;
			buildActionMask = 2147483647;
			files = (
			);
			runOnlyForDeploymentPostprocessing = 0;
		};
/* End PBXResourcesBuildPhase section */

/* Begin PBXSourcesBuildPhase section */
		D9F4BFB52B41BDB800E500DA /* Sources */ = {
			isa = PBXSourcesBuildPhase;
			buildActionMask = 2147483647;
			files = (
				D9F4BFEC2B4233B300E500DA /* PlayerImages.swift in Sources */,
				D9A1091F2B49DBF900264D54 /* ConfigurationScene.swift in Sources */,
				D9A109312B49E98E00264D54 /* AudioManager.swift in Sources */,
				D95B5BEA2B532FD5006EFE01 /* ResultsScene.swift in Sources */,
				D95B5BE82B53270C006EFE01 /* HelpScene.swift in Sources */,
				D9B910EA2B46725A00E117DF /* PlayerCard.swift in Sources */,
				D95B5BE62B5322A3006EFE01 /* CameraPicker.swift in Sources */,
				D9A16D792B5E0FE0000D974C /* SharePhotoView.swift in Sources */,
				D99E129A2B5C5B450061FD02 /* tmp.swift in Sources */,
				D9CCC46E2B47A1FE0061E15D /* FitGrid.swift in Sources */,
				D95B5BEC2B533050006EFE01 /* ImpostorButton.swift in Sources */,
				D9CE60D42B63638C00E0FF5A /* ImpostorTextStyle.swift in Sources */,
				D9F4BFBD2B41BDB800E500DA /* ImpostorApp.swift in Sources */,
				D95B5BE02B51F114006EFE01 /* ImpostorGame.swift in Sources */,
				D96817B82B4A009C00E05B99 /* ShowSecretWordScene.swift in Sources */,
			);
			runOnlyForDeploymentPostprocessing = 0;
		};
		D9F4BFC52B41BDB900E500DA /* Sources */ = {
			isa = PBXSourcesBuildPhase;
			buildActionMask = 2147483647;
			files = (
				D9F4BFCE2B41BDB900E500DA /* ImpostorTests.swift in Sources */,
				D9B910E52B4661FC00E117DF /* GameModelTests.swift in Sources */,
			);
			runOnlyForDeploymentPostprocessing = 0;
		};
		D9F4BFCF2B41BDB900E500DA /* Sources */ = {
			isa = PBXSourcesBuildPhase;
			buildActionMask = 2147483647;
			files = (
				D9F4BFDA2B41BDB900E500DA /* ImpostorUITestsLaunchTests.swift in Sources */,
				D9F4BFD82B41BDB900E500DA /* ImpostorUITests.swift in Sources */,
			);
			runOnlyForDeploymentPostprocessing = 0;
		};
/* End PBXSourcesBuildPhase section */

/* Begin PBXTargetDependency section */
		D9F4BFCB2B41BDB900E500DA /* PBXTargetDependency */ = {
			isa = PBXTargetDependency;
			target = D9F4BFB82B41BDB800E500DA /* Impostor */;
			targetProxy = D9F4BFCA2B41BDB900E500DA /* PBXContainerItemProxy */;
		};
		D9F4BFD52B41BDB900E500DA /* PBXTargetDependency */ = {
			isa = PBXTargetDependency;
			target = D9F4BFB82B41BDB800E500DA /* Impostor */;
			targetProxy = D9F4BFD42B41BDB900E500DA /* PBXContainerItemProxy */;
		};
/* End PBXTargetDependency section */

/* Begin PBXVariantGroup section */
		D9B910CC2B46606500E117DF /* gameWords.json */ = {
			isa = PBXVariantGroup;
			children = (
				D9B910CB2B46606500E117DF /* en */,
				D9B910CD2B46606900E117DF /* zh-Hans */,
				D9B910CE2B46606A00E117DF /* nl */,
				D9B910CF2B46606A00E117DF /* de */,
				D9B910D02B46606B00E117DF /* fr */,
				D9B910D12B46606C00E117DF /* ja */,
				D9B910D22B46606C00E117DF /* ko */,
				D9B910D32B46606D00E117DF /* pt-BR */,
				D9B910D42B46606D00E117DF /* es */,
				D9B910D52B46606E00E117DF /* ru */,
			);
			name = gameWords.json;
			sourceTree = "<group>";
		};
		D9B910DA2B4660E300E117DF /* gameWordsMore.json */ = {
			isa = PBXVariantGroup;
			children = (
				D9B910D92B4660E300E117DF /* en */,
				D9B910DB2B4660E500E117DF /* nl */,
				D9B910DC2B4660E600E117DF /* zh-Hans */,
				D9B910DD2B4660E700E117DF /* fr */,
				D9B910DE2B4660E700E117DF /* ja */,
				D9B910DF2B4660E800E117DF /* ko */,
				D9B910E02B4660E800E117DF /* pt-BR */,
				D9B910E12B4660E900E117DF /* ru */,
				D9B910E22B4660EA00E117DF /* es */,
				D9B910E32B4660EA00E117DF /* de */,
			);
			name = gameWordsMore.json;
			sourceTree = "<group>";
		};
/* End PBXVariantGroup section */

/* Begin XCBuildConfiguration section */
		D9F4BFDB2B41BDB900E500DA /* Debug */ = {
			isa = XCBuildConfiguration;
			buildSettings = {
				ALWAYS_SEARCH_USER_PATHS = NO;
				ASSETCATALOG_COMPILER_GENERATE_SWIFT_ASSET_SYMBOL_EXTENSIONS = YES;
				CLANG_ANALYZER_LOCALIZABILITY_NONLOCALIZED = YES;
				CLANG_ANALYZER_NONNULL = YES;
				CLANG_ANALYZER_NUMBER_OBJECT_CONVERSION = YES_AGGRESSIVE;
				CLANG_CXX_LANGUAGE_STANDARD = "gnu++20";
				CLANG_ENABLE_MODULES = YES;
				CLANG_ENABLE_OBJC_ARC = YES;
				CLANG_ENABLE_OBJC_WEAK = YES;
				CLANG_WARN_BLOCK_CAPTURE_AUTORELEASING = YES;
				CLANG_WARN_BOOL_CONVERSION = YES;
				CLANG_WARN_COMMA = YES;
				CLANG_WARN_CONSTANT_CONVERSION = YES;
				CLANG_WARN_DEPRECATED_OBJC_IMPLEMENTATIONS = YES;
				CLANG_WARN_DIRECT_OBJC_ISA_USAGE = YES_ERROR;
				CLANG_WARN_DOCUMENTATION_COMMENTS = YES;
				CLANG_WARN_EMPTY_BODY = YES;
				CLANG_WARN_ENUM_CONVERSION = YES;
				CLANG_WARN_INFINITE_RECURSION = YES;
				CLANG_WARN_INT_CONVERSION = YES;
				CLANG_WARN_NON_LITERAL_NULL_CONVERSION = YES;
				CLANG_WARN_OBJC_IMPLICIT_RETAIN_SELF = YES;
				CLANG_WARN_OBJC_LITERAL_CONVERSION = YES;
				CLANG_WARN_OBJC_ROOT_CLASS = YES_ERROR;
				CLANG_WARN_QUOTED_INCLUDE_IN_FRAMEWORK_HEADER = YES;
				CLANG_WARN_RANGE_LOOP_ANALYSIS = YES;
				CLANG_WARN_STRICT_PROTOTYPES = YES;
				CLANG_WARN_SUSPICIOUS_MOVE = YES;
				CLANG_WARN_UNGUARDED_AVAILABILITY = YES_AGGRESSIVE;
				CLANG_WARN_UNREACHABLE_CODE = YES;
				CLANG_WARN__DUPLICATE_METHOD_MATCH = YES;
				COPY_PHASE_STRIP = NO;
				DEBUG_INFORMATION_FORMAT = dwarf;
				ENABLE_STRICT_OBJC_MSGSEND = YES;
				ENABLE_TESTABILITY = YES;
				ENABLE_USER_SCRIPT_SANDBOXING = YES;
				GCC_C_LANGUAGE_STANDARD = gnu17;
				GCC_DYNAMIC_NO_PIC = NO;
				GCC_NO_COMMON_BLOCKS = YES;
				GCC_OPTIMIZATION_LEVEL = 0;
				GCC_PREPROCESSOR_DEFINITIONS = (
					"DEBUG=1",
					"$(inherited)",
				);
				GCC_WARN_64_TO_32_BIT_CONVERSION = YES;
				GCC_WARN_ABOUT_RETURN_TYPE = YES_ERROR;
				GCC_WARN_UNDECLARED_SELECTOR = YES;
				GCC_WARN_UNINITIALIZED_AUTOS = YES_AGGRESSIVE;
				GCC_WARN_UNUSED_FUNCTION = YES;
				GCC_WARN_UNUSED_VARIABLE = YES;
				IPHONEOS_DEPLOYMENT_TARGET = 17.2;
				LOCALIZATION_PREFERS_STRING_CATALOGS = YES;
				MTL_ENABLE_DEBUG_INFO = INCLUDE_SOURCE;
				MTL_FAST_MATH = YES;
				ONLY_ACTIVE_ARCH = YES;
				SDKROOT = iphoneos;
				SWIFT_ACTIVE_COMPILATION_CONDITIONS = "DEBUG $(inherited)";
				SWIFT_OPTIMIZATION_LEVEL = "-Onone";
			};
			name = Debug;
		};
		D9F4BFDC2B41BDB900E500DA /* Release */ = {
			isa = XCBuildConfiguration;
			buildSettings = {
				ALWAYS_SEARCH_USER_PATHS = NO;
				ASSETCATALOG_COMPILER_GENERATE_SWIFT_ASSET_SYMBOL_EXTENSIONS = YES;
				CLANG_ANALYZER_LOCALIZABILITY_NONLOCALIZED = YES;
				CLANG_ANALYZER_NONNULL = YES;
				CLANG_ANALYZER_NUMBER_OBJECT_CONVERSION = YES_AGGRESSIVE;
				CLANG_CXX_LANGUAGE_STANDARD = "gnu++20";
				CLANG_ENABLE_MODULES = YES;
				CLANG_ENABLE_OBJC_ARC = YES;
				CLANG_ENABLE_OBJC_WEAK = YES;
				CLANG_WARN_BLOCK_CAPTURE_AUTORELEASING = YES;
				CLANG_WARN_BOOL_CONVERSION = YES;
				CLANG_WARN_COMMA = YES;
				CLANG_WARN_CONSTANT_CONVERSION = YES;
				CLANG_WARN_DEPRECATED_OBJC_IMPLEMENTATIONS = YES;
				CLANG_WARN_DIRECT_OBJC_ISA_USAGE = YES_ERROR;
				CLANG_WARN_DOCUMENTATION_COMMENTS = YES;
				CLANG_WARN_EMPTY_BODY = YES;
				CLANG_WARN_ENUM_CONVERSION = YES;
				CLANG_WARN_INFINITE_RECURSION = YES;
				CLANG_WARN_INT_CONVERSION = YES;
				CLANG_WARN_NON_LITERAL_NULL_CONVERSION = YES;
				CLANG_WARN_OBJC_IMPLICIT_RETAIN_SELF = YES;
				CLANG_WARN_OBJC_LITERAL_CONVERSION = YES;
				CLANG_WARN_OBJC_ROOT_CLASS = YES_ERROR;
				CLANG_WARN_QUOTED_INCLUDE_IN_FRAMEWORK_HEADER = YES;
				CLANG_WARN_RANGE_LOOP_ANALYSIS = YES;
				CLANG_WARN_STRICT_PROTOTYPES = YES;
				CLANG_WARN_SUSPICIOUS_MOVE = YES;
				CLANG_WARN_UNGUARDED_AVAILABILITY = YES_AGGRESSIVE;
				CLANG_WARN_UNREACHABLE_CODE = YES;
				CLANG_WARN__DUPLICATE_METHOD_MATCH = YES;
				COPY_PHASE_STRIP = NO;
				DEBUG_INFORMATION_FORMAT = "dwarf-with-dsym";
				ENABLE_NS_ASSERTIONS = NO;
				ENABLE_STRICT_OBJC_MSGSEND = YES;
				ENABLE_USER_SCRIPT_SANDBOXING = YES;
				GCC_C_LANGUAGE_STANDARD = gnu17;
				GCC_NO_COMMON_BLOCKS = YES;
				GCC_WARN_64_TO_32_BIT_CONVERSION = YES;
				GCC_WARN_ABOUT_RETURN_TYPE = YES_ERROR;
				GCC_WARN_UNDECLARED_SELECTOR = YES;
				GCC_WARN_UNINITIALIZED_AUTOS = YES_AGGRESSIVE;
				GCC_WARN_UNUSED_FUNCTION = YES;
				GCC_WARN_UNUSED_VARIABLE = YES;
				IPHONEOS_DEPLOYMENT_TARGET = 17.2;
				LOCALIZATION_PREFERS_STRING_CATALOGS = YES;
				MTL_ENABLE_DEBUG_INFO = NO;
				MTL_FAST_MATH = YES;
				SDKROOT = iphoneos;
				SWIFT_COMPILATION_MODE = wholemodule;
				VALIDATE_PRODUCT = YES;
			};
			name = Release;
		};
		D9F4BFDE2B41BDB900E500DA /* Debug */ = {
			isa = XCBuildConfiguration;
			buildSettings = {
				ASSETCATALOG_COMPILER_APPICON_NAME = AppIcon;
				ASSETCATALOG_COMPILER_GLOBAL_ACCENT_COLOR_NAME = AccentColor;
				CODE_SIGN_STYLE = Automatic;
				CURRENT_PROJECT_VERSION = 1;
				DEVELOPMENT_ASSET_PATHS = "\"Impostor/Preview Content\"";
				DEVELOPMENT_TEAM = 8Q693ZG5RN;
				ENABLE_PREVIEWS = YES;
				GENERATE_INFOPLIST_FILE = YES;
				INFOPLIST_KEY_UIApplicationSceneManifest_Generation = YES;
				INFOPLIST_KEY_UIApplicationSupportsIndirectInputEvents = YES;
				INFOPLIST_KEY_UILaunchScreen_Generation = YES;
				INFOPLIST_KEY_UISupportedInterfaceOrientations_iPad = "UIInterfaceOrientationPortrait UIInterfaceOrientationPortraitUpsideDown UIInterfaceOrientationLandscapeLeft UIInterfaceOrientationLandscapeRight";
				INFOPLIST_KEY_UISupportedInterfaceOrientations_iPhone = "UIInterfaceOrientationPortrait UIInterfaceOrientationLandscapeLeft UIInterfaceOrientationLandscapeRight";
				LD_RUNPATH_SEARCH_PATHS = (
					"$(inherited)",
					"@executable_path/Frameworks",
				);
				MARKETING_VERSION = 1.0;
				PRODUCT_BUNDLE_IDENTIFIER = net.phor.Impostor;
				PRODUCT_NAME = "$(TARGET_NAME)";
				SWIFT_EMIT_LOC_STRINGS = YES;
				SWIFT_VERSION = 5.0;
				TARGETED_DEVICE_FAMILY = "1,2";
			};
			name = Debug;
		};
		D9F4BFDF2B41BDB900E500DA /* Release */ = {
			isa = XCBuildConfiguration;
			buildSettings = {
				ASSETCATALOG_COMPILER_APPICON_NAME = AppIcon;
				ASSETCATALOG_COMPILER_GLOBAL_ACCENT_COLOR_NAME = AccentColor;
				CODE_SIGN_STYLE = Automatic;
				CURRENT_PROJECT_VERSION = 1;
				DEVELOPMENT_ASSET_PATHS = "\"Impostor/Preview Content\"";
				DEVELOPMENT_TEAM = 8Q693ZG5RN;
				ENABLE_PREVIEWS = YES;
				GENERATE_INFOPLIST_FILE = YES;
				INFOPLIST_KEY_UIApplicationSceneManifest_Generation = YES;
				INFOPLIST_KEY_UIApplicationSupportsIndirectInputEvents = YES;
				INFOPLIST_KEY_UILaunchScreen_Generation = YES;
				INFOPLIST_KEY_UISupportedInterfaceOrientations_iPad = "UIInterfaceOrientationPortrait UIInterfaceOrientationPortraitUpsideDown UIInterfaceOrientationLandscapeLeft UIInterfaceOrientationLandscapeRight";
				INFOPLIST_KEY_UISupportedInterfaceOrientations_iPhone = "UIInterfaceOrientationPortrait UIInterfaceOrientationLandscapeLeft UIInterfaceOrientationLandscapeRight";
				LD_RUNPATH_SEARCH_PATHS = (
					"$(inherited)",
					"@executable_path/Frameworks",
				);
				MARKETING_VERSION = 1.0;
				PRODUCT_BUNDLE_IDENTIFIER = net.phor.Impostor;
				PRODUCT_NAME = "$(TARGET_NAME)";
				SWIFT_EMIT_LOC_STRINGS = YES;
				SWIFT_VERSION = 5.0;
				TARGETED_DEVICE_FAMILY = "1,2";
			};
			name = Release;
		};
		D9F4BFE12B41BDB900E500DA /* Debug */ = {
			isa = XCBuildConfiguration;
			buildSettings = {
				ALWAYS_EMBED_SWIFT_STANDARD_LIBRARIES = YES;
				BUNDLE_LOADER = "$(TEST_HOST)";
				CODE_SIGN_STYLE = Automatic;
				CURRENT_PROJECT_VERSION = 1;
				DEVELOPMENT_TEAM = 8Q693ZG5RN;
				GENERATE_INFOPLIST_FILE = YES;
				IPHONEOS_DEPLOYMENT_TARGET = 17.2;
				MARKETING_VERSION = 1.0;
				PRODUCT_BUNDLE_IDENTIFIER = net.phor.ImpostorTests;
				PRODUCT_NAME = "$(TARGET_NAME)";
				SWIFT_EMIT_LOC_STRINGS = NO;
				SWIFT_VERSION = 5.0;
				TARGETED_DEVICE_FAMILY = "1,2";
				TEST_HOST = "$(BUILT_PRODUCTS_DIR)/Impostor.app/$(BUNDLE_EXECUTABLE_FOLDER_PATH)/Impostor";
			};
			name = Debug;
		};
		D9F4BFE22B41BDB900E500DA /* Release */ = {
			isa = XCBuildConfiguration;
			buildSettings = {
				ALWAYS_EMBED_SWIFT_STANDARD_LIBRARIES = YES;
				BUNDLE_LOADER = "$(TEST_HOST)";
				CODE_SIGN_STYLE = Automatic;
				CURRENT_PROJECT_VERSION = 1;
				DEVELOPMENT_TEAM = 8Q693ZG5RN;
				GENERATE_INFOPLIST_FILE = YES;
				IPHONEOS_DEPLOYMENT_TARGET = 17.2;
				MARKETING_VERSION = 1.0;
				PRODUCT_BUNDLE_IDENTIFIER = net.phor.ImpostorTests;
				PRODUCT_NAME = "$(TARGET_NAME)";
				SWIFT_EMIT_LOC_STRINGS = NO;
				SWIFT_VERSION = 5.0;
				TARGETED_DEVICE_FAMILY = "1,2";
				TEST_HOST = "$(BUILT_PRODUCTS_DIR)/Impostor.app/$(BUNDLE_EXECUTABLE_FOLDER_PATH)/Impostor";
			};
			name = Release;
		};
		D9F4BFE42B41BDB900E500DA /* Debug */ = {
			isa = XCBuildConfiguration;
			buildSettings = {
				ALWAYS_EMBED_SWIFT_STANDARD_LIBRARIES = YES;
				CODE_SIGN_STYLE = Automatic;
				CURRENT_PROJECT_VERSION = 1;
				DEVELOPMENT_TEAM = 8Q693ZG5RN;
				GENERATE_INFOPLIST_FILE = YES;
				MARKETING_VERSION = 1.0;
				PRODUCT_BUNDLE_IDENTIFIER = net.phor.ImpostorUITests;
				PRODUCT_NAME = "$(TARGET_NAME)";
				SWIFT_EMIT_LOC_STRINGS = NO;
				SWIFT_VERSION = 5.0;
				TARGETED_DEVICE_FAMILY = "1,2";
				TEST_TARGET_NAME = Impostor;
			};
			name = Debug;
		};
		D9F4BFE52B41BDB900E500DA /* Release */ = {
			isa = XCBuildConfiguration;
			buildSettings = {
				ALWAYS_EMBED_SWIFT_STANDARD_LIBRARIES = YES;
				CODE_SIGN_STYLE = Automatic;
				CURRENT_PROJECT_VERSION = 1;
				DEVELOPMENT_TEAM = 8Q693ZG5RN;
				GENERATE_INFOPLIST_FILE = YES;
				MARKETING_VERSION = 1.0;
				PRODUCT_BUNDLE_IDENTIFIER = net.phor.ImpostorUITests;
				PRODUCT_NAME = "$(TARGET_NAME)";
				SWIFT_EMIT_LOC_STRINGS = NO;
				SWIFT_VERSION = 5.0;
				TARGETED_DEVICE_FAMILY = "1,2";
				TEST_TARGET_NAME = Impostor;
			};
			name = Release;
		};
/* End XCBuildConfiguration section */

/* Begin XCConfigurationList section */
		D9F4BFB42B41BDB800E500DA /* Build configuration list for PBXProject "Impostor" */ = {
			isa = XCConfigurationList;
			buildConfigurations = (
				D9F4BFDB2B41BDB900E500DA /* Debug */,
				D9F4BFDC2B41BDB900E500DA /* Release */,
			);
			defaultConfigurationIsVisible = 0;
			defaultConfigurationName = Release;
		};
		D9F4BFDD2B41BDB900E500DA /* Build configuration list for PBXNativeTarget "Impostor" */ = {
			isa = XCConfigurationList;
			buildConfigurations = (
				D9F4BFDE2B41BDB900E500DA /* Debug */,
				D9F4BFDF2B41BDB900E500DA /* Release */,
			);
			defaultConfigurationIsVisible = 0;
			defaultConfigurationName = Release;
		};
		D9F4BFE02B41BDB900E500DA /* Build configuration list for PBXNativeTarget "ImpostorTests" */ = {
			isa = XCConfigurationList;
			buildConfigurations = (
				D9F4BFE12B41BDB900E500DA /* Debug */,
				D9F4BFE22B41BDB900E500DA /* Release */,
			);
			defaultConfigurationIsVisible = 0;
			defaultConfigurationName = Release;
		};
		D9F4BFE32B41BDB900E500DA /* Build configuration list for PBXNativeTarget "ImpostorUITests" */ = {
			isa = XCConfigurationList;
			buildConfigurations = (
				D9F4BFE42B41BDB900E500DA /* Debug */,
				D9F4BFE52B41BDB900E500DA /* Release */,
			);
			defaultConfigurationIsVisible = 0;
			defaultConfigurationName = Release;
		};
/* End XCConfigurationList section */
	};
	rootObject = D9F4BFB12B41BDB800E500DA /* Project object */;
}
