// !$*UTF8*$!
{
	archiveVersion = 1;
	classes = {
	};
	objectVersion = 56;
	objects = {

/* Begin PBXBuildFile section */
		D91222A52B9E2BE2008A2547 /* ImpostorApp.swift in Sources */ = {isa = PBXBuildFile; fileRef = D91222A42B9E2BE2008A2547 /* ImpostorApp.swift */; };
		D91222A92B9E2BE5008A2547 /* Assets.xcassets in Resources */ = {isa = PBXBuildFile; fileRef = D91222A82B9E2BE5008A2547 /* Assets.xcassets */; };
		D91222B62B9E2BE6008A2547 /* ImpostorGameTests.swift in Sources */ = {isa = PBXBuildFile; fileRef = D91222B52B9E2BE6008A2547 /* ImpostorGameTests.swift */; };
		D91222C02B9E2BE6008A2547 /* ImpostorUITests.swift in Sources */ = {isa = PBXBuildFile; fileRef = D91222BF2B9E2BE6008A2547 /* ImpostorUITests.swift */; };
		D91222DA2B9E2CD2008A2547 /* ConfigurationScene.swift in Sources */ = {isa = PBXBuildFile; fileRef = D91222CF2B9E2CD2008A2547 /* ConfigurationScene.swift */; };
		D91222DB2B9E2CD2008A2547 /* HelpScene.swift in Sources */ = {isa = PBXBuildFile; fileRef = D91222D02B9E2CD2008A2547 /* HelpScene.swift */; };
		D91222DC2B9E2CD2008A2547 /* ResultsScene.swift in Sources */ = {isa = PBXBuildFile; fileRef = D91222D12B9E2CD2008A2547 /* ResultsScene.swift */; };
		D91222DD2B9E2CD2008A2547 /* CameraPicker.swift in Sources */ = {isa = PBXBuildFile; fileRef = D91222D22B9E2CD2008A2547 /* CameraPicker.swift */; };
		D91222DE2B9E2CD2008A2547 /* ImpostorButton.swift in Sources */ = {isa = PBXBuildFile; fileRef = D91222D32B9E2CD2008A2547 /* ImpostorButton.swift */; };
		D91222DF2B9E2CD2008A2547 /* SecretWordScene.swift in Sources */ = {isa = PBXBuildFile; fileRef = D91222D42B9E2CD2008A2547 /* SecretWordScene.swift */; };
		D91222E02B9E2CD2008A2547 /* VotingScene.swift in Sources */ = {isa = PBXBuildFile; fileRef = D91222D52B9E2CD2008A2547 /* VotingScene.swift */; };
		D91222E12B9E2CD2008A2547 /* PlayerSquare.swift in Sources */ = {isa = PBXBuildFile; fileRef = D91222D62B9E2CD2008A2547 /* PlayerSquare.swift */; };
		D91222E22B9E2CD2008A2547 /* ImpostorTextStyle.swift in Sources */ = {isa = PBXBuildFile; fileRef = D91222D72B9E2CD2008A2547 /* ImpostorTextStyle.swift */; };
		D91222E32B9E2CD2008A2547 /* SharePhotoView.swift in Sources */ = {isa = PBXBuildFile; fileRef = D91222D82B9E2CD2008A2547 /* SharePhotoView.swift */; };
		D91222E42B9E2CD2008A2547 /* FitGrid.swift in Sources */ = {isa = PBXBuildFile; fileRef = D91222D92B9E2CD2008A2547 /* FitGrid.swift */; };
		D91222EA2B9E2CED008A2547 /* ImpostorGame.swift in Sources */ = {isa = PBXBuildFile; fileRef = D91222E62B9E2CED008A2547 /* ImpostorGame.swift */; };
		D91222EB2B9E2CED008A2547 /* AudioManager.swift in Sources */ = {isa = PBXBuildFile; fileRef = D91222E72B9E2CED008A2547 /* AudioManager.swift */; };
		D91222EC2B9E2CED008A2547 /* PlayerImages.swift in Sources */ = {isa = PBXBuildFile; fileRef = D91222E82B9E2CED008A2547 /* PlayerImages.swift */; };
		D91222ED2B9E2CED008A2547 /* StoreManager.swift in Sources */ = {isa = PBXBuildFile; fileRef = D91222E92B9E2CED008A2547 /* StoreManager.swift */; };
		D91224312B9E2DBF008A2547 /* results-impostor-defeated.mp3 in Resources */ = {isa = PBXBuildFile; fileRef = D912242A2B9E2DBF008A2547 /* results-impostor-defeated.mp3 */; };
		D91224322B9E2DBF008A2547 /* buttonPress.mp3 in Resources */ = {isa = PBXBuildFile; fileRef = D912242B2B9E2DBF008A2547 /* buttonPress.mp3 */; };
		D91224332B9E2DBF008A2547 /* results-impostor-won.mp3 in Resources */ = {isa = PBXBuildFile; fileRef = D912242C2B9E2DBF008A2547 /* results-impostor-won.mp3 */; };
		D91224342B9E2DBF008A2547 /* peek.mp3 in Resources */ = {isa = PBXBuildFile; fileRef = D912242D2B9E2DBF008A2547 /* peek.mp3 */; };
		D91224352B9E2DBF008A2547 /* intro.mp3 in Resources */ = {isa = PBXBuildFile; fileRef = D912242E2B9E2DBF008A2547 /* intro.mp3 */; };
		D91224362B9E2DBF008A2547 /* eliminate.mp3 in Resources */ = {isa = PBXBuildFile; fileRef = D912242F2B9E2DBF008A2547 /* eliminate.mp3 */; };
		D91224372B9E2DBF008A2547 /* camera.mp3 in Resources */ = {isa = PBXBuildFile; fileRef = D91224302B9E2DBF008A2547 /* camera.mp3 */; };
		D91224392B9E2DCD008A2547 /* Localizable.xcstrings in Resources */ = {isa = PBXBuildFile; fileRef = D91224382B9E2DCD008A2547 /* Localizable.xcstrings */; };
		D912243E2B9E2E36008A2547 /* gameWords.json in Resources */ = {isa = PBXBuildFile; fileRef = D912243D2B9E2E36008A2547 /* gameWords.json */; };
/* End PBXBuildFile section */

/* Begin PBXContainerItemProxy section */
		D91222B22B9E2BE6008A2547 /* PBXContainerItemProxy */ = {
			isa = PBXContainerItemProxy;
			containerPortal = D91222992B9E2BE2008A2547 /* Project object */;
			proxyType = 1;
			remoteGlobalIDString = D91222A02B9E2BE2008A2547;
			remoteInfo = Impostor;
		};
		D91222BC2B9E2BE6008A2547 /* PBXContainerItemProxy */ = {
			isa = PBXContainerItemProxy;
			containerPortal = D91222992B9E2BE2008A2547 /* Project object */;
			proxyType = 1;
			remoteGlobalIDString = D91222A02B9E2BE2008A2547;
			remoteInfo = Impostor;
		};
/* End PBXContainerItemProxy section */

/* Begin PBXFileReference section */
		D91222A12B9E2BE2008A2547 /* Impostor.app */ = {isa = PBXFileReference; explicitFileType = wrapper.application; includeInIndex = 0; path = Impostor.app; sourceTree = BUILT_PRODUCTS_DIR; };
		D91222A42B9E2BE2008A2547 /* ImpostorApp.swift */ = {isa = PBXFileReference; lastKnownFileType = sourcecode.swift; path = ImpostorApp.swift; sourceTree = "<group>"; };
		D91222A82B9E2BE5008A2547 /* Assets.xcassets */ = {isa = PBXFileReference; lastKnownFileType = folder.assetcatalog; path = Assets.xcassets; sourceTree = "<group>"; };
		D91222B12B9E2BE6008A2547 /* ImpostorTests.xctest */ = {isa = PBXFileReference; explicitFileType = wrapper.cfbundle; includeInIndex = 0; path = ImpostorTests.xctest; sourceTree = BUILT_PRODUCTS_DIR; };
		D91222B52B9E2BE6008A2547 /* ImpostorGameTests.swift */ = {isa = PBXFileReference; lastKnownFileType = sourcecode.swift; path = ImpostorGameTests.swift; sourceTree = "<group>"; };
		D91222BB2B9E2BE6008A2547 /* ImpostorUITests.xctest */ = {isa = PBXFileReference; explicitFileType = wrapper.cfbundle; includeInIndex = 0; path = ImpostorUITests.xctest; sourceTree = BUILT_PRODUCTS_DIR; };
		D91222BF2B9E2BE6008A2547 /* ImpostorUITests.swift */ = {isa = PBXFileReference; lastKnownFileType = sourcecode.swift; path = ImpostorUITests.swift; sourceTree = "<group>"; };
		D91222CF2B9E2CD2008A2547 /* ConfigurationScene.swift */ = {isa = PBXFileReference; fileEncoding = 4; lastKnownFileType = sourcecode.swift; path = ConfigurationScene.swift; sourceTree = "<group>"; };
		D91222D02B9E2CD2008A2547 /* HelpScene.swift */ = {isa = PBXFileReference; fileEncoding = 4; lastKnownFileType = sourcecode.swift; path = HelpScene.swift; sourceTree = "<group>"; };
		D91222D12B9E2CD2008A2547 /* ResultsScene.swift */ = {isa = PBXFileReference; fileEncoding = 4; lastKnownFileType = sourcecode.swift; path = ResultsScene.swift; sourceTree = "<group>"; };
		D91222D22B9E2CD2008A2547 /* CameraPicker.swift */ = {isa = PBXFileReference; fileEncoding = 4; lastKnownFileType = sourcecode.swift; path = CameraPicker.swift; sourceTree = "<group>"; };
		D91222D32B9E2CD2008A2547 /* ImpostorButton.swift */ = {isa = PBXFileReference; fileEncoding = 4; lastKnownFileType = sourcecode.swift; path = ImpostorButton.swift; sourceTree = "<group>"; };
		D91222D42B9E2CD2008A2547 /* SecretWordScene.swift */ = {isa = PBXFileReference; fileEncoding = 4; lastKnownFileType = sourcecode.swift; path = SecretWordScene.swift; sourceTree = "<group>"; };
		D91222D52B9E2CD2008A2547 /* VotingScene.swift */ = {isa = PBXFileReference; fileEncoding = 4; lastKnownFileType = sourcecode.swift; path = VotingScene.swift; sourceTree = "<group>"; };
		D91222D62B9E2CD2008A2547 /* PlayerSquare.swift */ = {isa = PBXFileReference; fileEncoding = 4; lastKnownFileType = sourcecode.swift; path = PlayerSquare.swift; sourceTree = "<group>"; };
		D91222D72B9E2CD2008A2547 /* ImpostorTextStyle.swift */ = {isa = PBXFileReference; fileEncoding = 4; lastKnownFileType = sourcecode.swift; path = ImpostorTextStyle.swift; sourceTree = "<group>"; };
		D91222D82B9E2CD2008A2547 /* SharePhotoView.swift */ = {isa = PBXFileReference; fileEncoding = 4; lastKnownFileType = sourcecode.swift; path = SharePhotoView.swift; sourceTree = "<group>"; };
		D91222D92B9E2CD2008A2547 /* FitGrid.swift */ = {isa = PBXFileReference; fileEncoding = 4; lastKnownFileType = sourcecode.swift; path = FitGrid.swift; sourceTree = "<group>"; };
		D91222E62B9E2CED008A2547 /* ImpostorGame.swift */ = {isa = PBXFileReference; fileEncoding = 4; lastKnownFileType = sourcecode.swift; path = ImpostorGame.swift; sourceTree = "<group>"; };
		D91222E72B9E2CED008A2547 /* AudioManager.swift */ = {isa = PBXFileReference; fileEncoding = 4; lastKnownFileType = sourcecode.swift; path = AudioManager.swift; sourceTree = "<group>"; };
		D91222E82B9E2CED008A2547 /* PlayerImages.swift */ = {isa = PBXFileReference; fileEncoding = 4; lastKnownFileType = sourcecode.swift; path = PlayerImages.swift; sourceTree = "<group>"; };
		D91222E92B9E2CED008A2547 /* StoreManager.swift */ = {isa = PBXFileReference; fileEncoding = 4; lastKnownFileType = sourcecode.swift; path = StoreManager.swift; sourceTree = "<group>"; };
		D912242A2B9E2DBF008A2547 /* results-impostor-defeated.mp3 */ = {isa = PBXFileReference; lastKnownFileType = audio.mp3; path = "results-impostor-defeated.mp3"; sourceTree = "<group>"; };
		D912242B2B9E2DBF008A2547 /* buttonPress.mp3 */ = {isa = PBXFileReference; lastKnownFileType = audio.mp3; path = buttonPress.mp3; sourceTree = "<group>"; };
		D912242C2B9E2DBF008A2547 /* results-impostor-won.mp3 */ = {isa = PBXFileReference; lastKnownFileType = audio.mp3; path = "results-impostor-won.mp3"; sourceTree = "<group>"; };
		D912242D2B9E2DBF008A2547 /* peek.mp3 */ = {isa = PBXFileReference; lastKnownFileType = audio.mp3; path = peek.mp3; sourceTree = "<group>"; };
		D912242E2B9E2DBF008A2547 /* intro.mp3 */ = {isa = PBXFileReference; lastKnownFileType = audio.mp3; path = intro.mp3; sourceTree = "<group>"; };
		D912242F2B9E2DBF008A2547 /* eliminate.mp3 */ = {isa = PBXFileReference; lastKnownFileType = audio.mp3; path = eliminate.mp3; sourceTree = "<group>"; };
		D91224302B9E2DBF008A2547 /* camera.mp3 */ = {isa = PBXFileReference; lastKnownFileType = audio.mp3; path = camera.mp3; sourceTree = "<group>"; };
		D91224382B9E2DCD008A2547 /* Localizable.xcstrings */ = {isa = PBXFileReference; fileEncoding = 4; lastKnownFileType = text.json.xcstrings; path = Localizable.xcstrings; sourceTree = "<group>"; };
		D912243C2B9E2E36008A2547 /* en */ = {isa = PBXFileReference; lastKnownFileType = text.json; name = en; path = en.lproj/gameWords.json; sourceTree = "<group>"; };
		D912243F2B9E2E3D008A2547 /* ar */ = {isa = PBXFileReference; lastKnownFileType = text.json; name = ar; path = ar.lproj/gameWords.json; sourceTree = "<group>"; };
		D91224402B9E2E3F008A2547 /* ca */ = {isa = PBXFileReference; lastKnownFileType = text.json; name = ca; path = ca.lproj/gameWords.json; sourceTree = "<group>"; };
		D91224412B9E2E3F008A2547 /* zh-HK */ = {isa = PBXFileReference; lastKnownFileType = text.json; name = "zh-HK"; path = "zh-HK.lproj/gameWords.json"; sourceTree = "<group>"; };
		D91224422B9E2E40008A2547 /* zh-Hans */ = {isa = PBXFileReference; lastKnownFileType = text.json; name = "zh-Hans"; path = "zh-Hans.lproj/gameWords.json"; sourceTree = "<group>"; };
		D91224432B9E2E44008A2547 /* zh-Hant */ = {isa = PBXFileReference; lastKnownFileType = text.json; name = "zh-Hant"; path = "zh-Hant.lproj/gameWords.json"; sourceTree = "<group>"; };
		D91224442B9E2E46008A2547 /* vi */ = {isa = PBXFileReference; lastKnownFileType = text.json; name = vi; path = vi.lproj/gameWords.json; sourceTree = "<group>"; };
		D91224452B9E2E46008A2547 /* uk */ = {isa = PBXFileReference; lastKnownFileType = text.json; name = uk; path = uk.lproj/gameWords.json; sourceTree = "<group>"; };
		D91224462B9E2E46008A2547 /* tr */ = {isa = PBXFileReference; lastKnownFileType = text.json; name = tr; path = tr.lproj/gameWords.json; sourceTree = "<group>"; };
		D91224472B9E2E47008A2547 /* th */ = {isa = PBXFileReference; lastKnownFileType = text.json; name = th; path = th.lproj/gameWords.json; sourceTree = "<group>"; };
		D91224482B9E2E47008A2547 /* sv */ = {isa = PBXFileReference; lastKnownFileType = text.json; name = sv; path = sv.lproj/gameWords.json; sourceTree = "<group>"; };
		D91224492B9E2E47008A2547 /* es-419 */ = {isa = PBXFileReference; lastKnownFileType = text.json; name = "es-419"; path = "es-419.lproj/gameWords.json"; sourceTree = "<group>"; };
		D912244A2B9E2E48008A2547 /* es */ = {isa = PBXFileReference; lastKnownFileType = text.json; name = es; path = es.lproj/gameWords.json; sourceTree = "<group>"; };
		D912244B2B9E2E4B008A2547 /* sk */ = {isa = PBXFileReference; lastKnownFileType = text.json; name = sk; path = sk.lproj/gameWords.json; sourceTree = "<group>"; };
		D912244C2B9E2E4B008A2547 /* ru */ = {isa = PBXFileReference; lastKnownFileType = text.json; name = ru; path = ru.lproj/gameWords.json; sourceTree = "<group>"; };
		D912244D2B9E2E4C008A2547 /* ro */ = {isa = PBXFileReference; lastKnownFileType = text.json; name = ro; path = ro.lproj/gameWords.json; sourceTree = "<group>"; };
		D912244E2B9E2E4C008A2547 /* pt-PT */ = {isa = PBXFileReference; lastKnownFileType = text.json; name = "pt-PT"; path = "pt-PT.lproj/gameWords.json"; sourceTree = "<group>"; };
		D912244F2B9E2E4D008A2547 /* pt-BR */ = {isa = PBXFileReference; lastKnownFileType = text.json; name = "pt-BR"; path = "pt-BR.lproj/gameWords.json"; sourceTree = "<group>"; };
		D91224502B9E2E4D008A2547 /* pl */ = {isa = PBXFileReference; lastKnownFileType = text.json; name = pl; path = pl.lproj/gameWords.json; sourceTree = "<group>"; };
		D91224512B9E2E4E008A2547 /* nb */ = {isa = PBXFileReference; lastKnownFileType = text.json; name = nb; path = nb.lproj/gameWords.json; sourceTree = "<group>"; };
		D91224522B9E2E4E008A2547 /* ms */ = {isa = PBXFileReference; lastKnownFileType = text.json; name = ms; path = ms.lproj/gameWords.json; sourceTree = "<group>"; };
		D91224532B9E2E4F008A2547 /* ko */ = {isa = PBXFileReference; lastKnownFileType = text.json; name = ko; path = ko.lproj/gameWords.json; sourceTree = "<group>"; };
		D91224542B9E2E50008A2547 /* ja */ = {isa = PBXFileReference; lastKnownFileType = text.json; name = ja; path = ja.lproj/gameWords.json; sourceTree = "<group>"; };
		D91224552B9E2E52008A2547 /* it */ = {isa = PBXFileReference; lastKnownFileType = text.json; name = it; path = it.lproj/gameWords.json; sourceTree = "<group>"; };
		D91224562B9E2E53008A2547 /* id */ = {isa = PBXFileReference; lastKnownFileType = text.json; name = id; path = id.lproj/gameWords.json; sourceTree = "<group>"; };
		D91224572B9E2E53008A2547 /* hu */ = {isa = PBXFileReference; lastKnownFileType = text.json; name = hu; path = hu.lproj/gameWords.json; sourceTree = "<group>"; };
		D91224582B9E2E53008A2547 /* hi */ = {isa = PBXFileReference; lastKnownFileType = text.json; name = hi; path = hi.lproj/gameWords.json; sourceTree = "<group>"; };
		D91224592B9E2E54008A2547 /* he */ = {isa = PBXFileReference; lastKnownFileType = text.json; name = he; path = he.lproj/gameWords.json; sourceTree = "<group>"; };
		D912245A2B9E2E54008A2547 /* el */ = {isa = PBXFileReference; lastKnownFileType = text.json; name = el; path = el.lproj/gameWords.json; sourceTree = "<group>"; };
		D912245B2B9E2E55008A2547 /* de */ = {isa = PBXFileReference; lastKnownFileType = text.json; name = de; path = de.lproj/gameWords.json; sourceTree = "<group>"; };
		D912245C2B9E2E55008A2547 /* fr-CA */ = {isa = PBXFileReference; lastKnownFileType = text.json; name = "fr-CA"; path = "fr-CA.lproj/gameWords.json"; sourceTree = "<group>"; };
		D912245D2B9E2E56008A2547 /* fr */ = {isa = PBXFileReference; lastKnownFileType = text.json; name = fr; path = fr.lproj/gameWords.json; sourceTree = "<group>"; };
		D912245E2B9E2E56008A2547 /* fi */ = {isa = PBXFileReference; lastKnownFileType = text.json; name = fi; path = fi.lproj/gameWords.json; sourceTree = "<group>"; };
		D912245F2B9E2E57008A2547 /* en-GB */ = {isa = PBXFileReference; lastKnownFileType = text.json; name = "en-GB"; path = "en-GB.lproj/gameWords.json"; sourceTree = "<group>"; };
		D91224602B9E2E59008A2547 /* en-IN */ = {isa = PBXFileReference; lastKnownFileType = text.json; name = "en-IN"; path = "en-IN.lproj/gameWords.json"; sourceTree = "<group>"; };
		D91224612B9E2E5A008A2547 /* en-AU */ = {isa = PBXFileReference; lastKnownFileType = text.json; name = "en-AU"; path = "en-AU.lproj/gameWords.json"; sourceTree = "<group>"; };
		D91224622B9E2E5A008A2547 /* nl */ = {isa = PBXFileReference; lastKnownFileType = text.json; name = nl; path = nl.lproj/gameWords.json; sourceTree = "<group>"; };
		D91224632B9E2E5B008A2547 /* da */ = {isa = PBXFileReference; lastKnownFileType = text.json; name = da; path = da.lproj/gameWords.json; sourceTree = "<group>"; };
		D91224642B9E2E5B008A2547 /* cs */ = {isa = PBXFileReference; lastKnownFileType = text.json; name = cs; path = cs.lproj/gameWords.json; sourceTree = "<group>"; };
		D91224652B9E2E5B008A2547 /* hr */ = {isa = PBXFileReference; lastKnownFileType = text.json; name = hr; path = hr.lproj/gameWords.json; sourceTree = "<group>"; };
/* End PBXFileReference section */

/* Begin PBXFrameworksBuildPhase section */
		D912229E2B9E2BE2008A2547 /* Frameworks */ = {
			isa = PBXFrameworksBuildPhase;
			buildActionMask = 2147483647;
			files = (
			);
			runOnlyForDeploymentPostprocessing = 0;
		};
		D91222AE2B9E2BE6008A2547 /* Frameworks */ = {
			isa = PBXFrameworksBuildPhase;
			buildActionMask = 2147483647;
			files = (
			);
			runOnlyForDeploymentPostprocessing = 0;
		};
		D91222B82B9E2BE6008A2547 /* Frameworks */ = {
			isa = PBXFrameworksBuildPhase;
			buildActionMask = 2147483647;
			files = (
			);
			runOnlyForDeploymentPostprocessing = 0;
		};
/* End PBXFrameworksBuildPhase section */

/* Begin PBXGroup section */
		D91222982B9E2BE2008A2547 = {
			isa = PBXGroup;
			children = (
				D91222A32B9E2BE2008A2547 /* Impostor */,
				D91222B42B9E2BE6008A2547 /* ImpostorTests */,
				D91222BE2B9E2BE6008A2547 /* ImpostorUITests */,
				D91222A22B9E2BE2008A2547 /* Products */,
			);
			sourceTree = "<group>";
		};
		D91222A22B9E2BE2008A2547 /* Products */ = {
			isa = PBXGroup;
			children = (
				D91222A12B9E2BE2008A2547 /* Impostor.app */,
				D91222B12B9E2BE6008A2547 /* ImpostorTests.xctest */,
				D91222BB2B9E2BE6008A2547 /* ImpostorUITests.xctest */,
			);
			name = Products;
			sourceTree = "<group>";
		};
		D91222A32B9E2BE2008A2547 /* Impostor */ = {
			isa = PBXGroup;
			children = (
				D91222A42B9E2BE2008A2547 /* ImpostorApp.swift */,
				D91222A82B9E2BE5008A2547 /* Assets.xcassets */,
				D91222CE2B9E2CB8008A2547 /* Views */,
				D91222E52B9E2CDC008A2547 /* Models */,
				D91224292B9E2DA9008A2547 /* Resources */,
			);
			path = Impostor;
			sourceTree = "<group>";
		};
		D91222B42B9E2BE6008A2547 /* ImpostorTests */ = {
			isa = PBXGroup;
			children = (
				D91222B52B9E2BE6008A2547 /* ImpostorGameTests.swift */,
			);
			path = ImpostorTests;
			sourceTree = "<group>";
		};
		D91222BE2B9E2BE6008A2547 /* ImpostorUITests */ = {
			isa = PBXGroup;
			children = (
				D91222BF2B9E2BE6008A2547 /* ImpostorUITests.swift */,
			);
			path = ImpostorUITests;
			sourceTree = "<group>";
		};
		D91222CE2B9E2CB8008A2547 /* Views */ = {
			isa = PBXGroup;
			children = (
				D91222D22B9E2CD2008A2547 /* CameraPicker.swift */,
				D91222CF2B9E2CD2008A2547 /* ConfigurationScene.swift */,
				D91222D92B9E2CD2008A2547 /* FitGrid.swift */,
				D91222D02B9E2CD2008A2547 /* HelpScene.swift */,
				D91222D32B9E2CD2008A2547 /* ImpostorButton.swift */,
				D91222D72B9E2CD2008A2547 /* ImpostorTextStyle.swift */,
				D91222D62B9E2CD2008A2547 /* PlayerSquare.swift */,
				D91222D12B9E2CD2008A2547 /* ResultsScene.swift */,
				D91222D42B9E2CD2008A2547 /* SecretWordScene.swift */,
				D91222D82B9E2CD2008A2547 /* SharePhotoView.swift */,
				D91222D52B9E2CD2008A2547 /* VotingScene.swift */,
			);
			path = Views;
			sourceTree = "<group>";
		};
		D91222E52B9E2CDC008A2547 /* Models */ = {
			isa = PBXGroup;
			children = (
				D91222E72B9E2CED008A2547 /* AudioManager.swift */,
				D91222E62B9E2CED008A2547 /* ImpostorGame.swift */,
				D91222E82B9E2CED008A2547 /* PlayerImages.swift */,
				D91222E92B9E2CED008A2547 /* StoreManager.swift */,
			);
			path = Models;
			sourceTree = "<group>";
		};
		D91224292B9E2DA9008A2547 /* Resources */ = {
			isa = PBXGroup;
			children = (
				D91224382B9E2DCD008A2547 /* Localizable.xcstrings */,
				D912242B2B9E2DBF008A2547 /* buttonPress.mp3 */,
				D91224302B9E2DBF008A2547 /* camera.mp3 */,
				D912242F2B9E2DBF008A2547 /* eliminate.mp3 */,
				D912242E2B9E2DBF008A2547 /* intro.mp3 */,
				D912242D2B9E2DBF008A2547 /* peek.mp3 */,
				D912242A2B9E2DBF008A2547 /* results-impostor-defeated.mp3 */,
				D912242C2B9E2DBF008A2547 /* results-impostor-won.mp3 */,
				D912243D2B9E2E36008A2547 /* gameWords.json */,
			);
			path = Resources;
			sourceTree = "<group>";
		};
/* End PBXGroup section */

/* Begin PBXNativeTarget section */
		D91222A02B9E2BE2008A2547 /* Impostor */ = {
			isa = PBXNativeTarget;
			buildConfigurationList = D91222C52B9E2BE6008A2547 /* Build configuration list for PBXNativeTarget "Impostor" */;
			buildPhases = (
				D912229D2B9E2BE2008A2547 /* Sources */,
				D912229E2B9E2BE2008A2547 /* Frameworks */,
				D912229F2B9E2BE2008A2547 /* Resources */,
			);
			buildRules = (
			);
			dependencies = (
			);
			name = Impostor;
			productName = Impostor;
			productReference = D91222A12B9E2BE2008A2547 /* Impostor.app */;
			productType = "com.apple.product-type.application";
		};
		D91222B02B9E2BE6008A2547 /* ImpostorTests */ = {
			isa = PBXNativeTarget;
			buildConfigurationList = D91222C82B9E2BE6008A2547 /* Build configuration list for PBXNativeTarget "ImpostorTests" */;
			buildPhases = (
				D91222AD2B9E2BE6008A2547 /* Sources */,
				D91222AE2B9E2BE6008A2547 /* Frameworks */,
				D91222AF2B9E2BE6008A2547 /* Resources */,
			);
			buildRules = (
			);
			dependencies = (
				D91222B32B9E2BE6008A2547 /* PBXTargetDependency */,
			);
			name = ImpostorTests;
			productName = ImpostorTests;
			productReference = D91222B12B9E2BE6008A2547 /* ImpostorTests.xctest */;
			productType = "com.apple.product-type.bundle.unit-test";
		};
		D91222BA2B9E2BE6008A2547 /* ImpostorUITests */ = {
			isa = PBXNativeTarget;
			buildConfigurationList = D91222CB2B9E2BE6008A2547 /* Build configuration list for PBXNativeTarget "ImpostorUITests" */;
			buildPhases = (
				D91222B72B9E2BE6008A2547 /* Sources */,
				D91222B82B9E2BE6008A2547 /* Frameworks */,
				D91222B92B9E2BE6008A2547 /* Resources */,
			);
			buildRules = (
			);
			dependencies = (
				D91222BD2B9E2BE6008A2547 /* PBXTargetDependency */,
			);
			name = ImpostorUITests;
			productName = ImpostorUITests;
			productReference = D91222BB2B9E2BE6008A2547 /* ImpostorUITests.xctest */;
			productType = "com.apple.product-type.bundle.ui-testing";
		};
/* End PBXNativeTarget section */

/* Begin PBXProject section */
		D91222992B9E2BE2008A2547 /* Project object */ = {
			isa = PBXProject;
			attributes = {
				BuildIndependentTargetsInParallel = 1;
				LastSwiftUpdateCheck = 1530;
				LastUpgradeCheck = 1530;
				TargetAttributes = {
					D91222A02B9E2BE2008A2547 = {
						CreatedOnToolsVersion = 15.3;
					};
					D91222B02B9E2BE6008A2547 = {
						CreatedOnToolsVersion = 15.3;
						TestTargetID = D91222A02B9E2BE2008A2547;
					};
					D91222BA2B9E2BE6008A2547 = {
						CreatedOnToolsVersion = 15.3;
						TestTargetID = D91222A02B9E2BE2008A2547;
					};
				};
			};
			buildConfigurationList = D912229C2B9E2BE2008A2547 /* Build configuration list for PBXProject "Impostor" */;
			compatibilityVersion = "Xcode 14.0";
			developmentRegion = en;
			hasScannedForEncodings = 0;
			knownRegions = (
				en,
				Base,
				es,
				"es-419",
				"en-AU",
				ms,
				da,
				it,
				sk,
				th,
				vi,
				"zh-HK",
				"zh-Hant",
				hu,
				nb,
				he,
				fr,
				"pt-PT",
				ar,
				"zh-Hans",
				hr,
				ja,
				id,
				cs,
				"fr-CA",
				ro,
				de,
				"en-IN",
				ca,
				"pt-BR",
				nl,
				pl,
				sv,
				el,
				tr,
				uk,
				ru,
				hi,
				"en-GB",
				ko,
				fi,
			);
			mainGroup = D91222982B9E2BE2008A2547;
			productRefGroup = D91222A22B9E2BE2008A2547 /* Products */;
			projectDirPath = "";
			projectRoot = "";
			targets = (
				D91222A02B9E2BE2008A2547 /* Impostor */,
				D91222B02B9E2BE6008A2547 /* ImpostorTests */,
				D91222BA2B9E2BE6008A2547 /* ImpostorUITests */,
			);
		};
/* End PBXProject section */

/* Begin PBXResourcesBuildPhase section */
		D912229F2B9E2BE2008A2547 /* Resources */ = {
			isa = PBXResourcesBuildPhase;
			buildActionMask = 2147483647;
			files = (
				D91224362B9E2DBF008A2547 /* eliminate.mp3 in Resources */,
				D91224372B9E2DBF008A2547 /* camera.mp3 in Resources */,
				D91224312B9E2DBF008A2547 /* results-impostor-defeated.mp3 in Resources */,
				D91224342B9E2DBF008A2547 /* peek.mp3 in Resources */,
				D91224322B9E2DBF008A2547 /* buttonPress.mp3 in Resources */,
				D91222A92B9E2BE5008A2547 /* Assets.xcassets in Resources */,
				D91224332B9E2DBF008A2547 /* results-impostor-won.mp3 in Resources */,
				D91224352B9E2DBF008A2547 /* intro.mp3 in Resources */,
				D91224392B9E2DCD008A2547 /* Localizable.xcstrings in Resources */,
				D912243E2B9E2E36008A2547 /* gameWords.json in Resources */,
			);
			runOnlyForDeploymentPostprocessing = 0;
		};
		D91222AF2B9E2BE6008A2547 /* Resources */ = {
			isa = PBXResourcesBuildPhase;
			buildActionMask = 2147483647;
			files = (
			);
			runOnlyForDeploymentPostprocessing = 0;
		};
		D91222B92B9E2BE6008A2547 /* Resources */ = {
			isa = PBXResourcesBuildPhase;
			buildActionMask = 2147483647;
			files = (
			);
			runOnlyForDeploymentPostprocessing = 0;
		};
/* End PBXResourcesBuildPhase section */

/* Begin PBXSourcesBuildPhase section */
		D912229D2B9E2BE2008A2547 /* Sources */ = {
			isa = PBXSourcesBuildPhase;
			buildActionMask = 2147483647;
			files = (
				D91222DE2B9E2CD2008A2547 /* ImpostorButton.swift in Sources */,
				D91222E22B9E2CD2008A2547 /* ImpostorTextStyle.swift in Sources */,
				D91222E02B9E2CD2008A2547 /* VotingScene.swift in Sources */,
				D91222A52B9E2BE2008A2547 /* ImpostorApp.swift in Sources */,
				D91222DC2B9E2CD2008A2547 /* ResultsScene.swift in Sources */,
				D91222ED2B9E2CED008A2547 /* StoreManager.swift in Sources */,
				D91222E42B9E2CD2008A2547 /* FitGrid.swift in Sources */,
				D91222DF2B9E2CD2008A2547 /* SecretWordScene.swift in Sources */,
				D91222EA2B9E2CED008A2547 /* ImpostorGame.swift in Sources */,
				D91222EB2B9E2CED008A2547 /* AudioManager.swift in Sources */,
				D91222DB2B9E2CD2008A2547 /* HelpScene.swift in Sources */,
				D91222DD2B9E2CD2008A2547 /* CameraPicker.swift in Sources */,
				D91222DA2B9E2CD2008A2547 /* ConfigurationScene.swift in Sources */,
				D91222E12B9E2CD2008A2547 /* PlayerSquare.swift in Sources */,
				D91222E32B9E2CD2008A2547 /* SharePhotoView.swift in Sources */,
				D91222EC2B9E2CED008A2547 /* PlayerImages.swift in Sources */,
			);
			runOnlyForDeploymentPostprocessing = 0;
		};
		D91222AD2B9E2BE6008A2547 /* Sources */ = {
			isa = PBXSourcesBuildPhase;
			buildActionMask = 2147483647;
			files = (
				D91222B62B9E2BE6008A2547 /* ImpostorGameTests.swift in Sources */,
			);
			runOnlyForDeploymentPostprocessing = 0;
		};
		D91222B72B9E2BE6008A2547 /* Sources */ = {
			isa = PBXSourcesBuildPhase;
			buildActionMask = 2147483647;
			files = (
				D91222C02B9E2BE6008A2547 /* ImpostorUITests.swift in Sources */,
			);
			runOnlyForDeploymentPostprocessing = 0;
		};
/* End PBXSourcesBuildPhase section */

/* Begin PBXTargetDependency section */
		D91222B32B9E2BE6008A2547 /* PBXTargetDependency */ = {
			isa = PBXTargetDependency;
			target = D91222A02B9E2BE2008A2547 /* Impostor */;
			targetProxy = D91222B22B9E2BE6008A2547 /* PBXContainerItemProxy */;
		};
		D91222BD2B9E2BE6008A2547 /* PBXTargetDependency */ = {
			isa = PBXTargetDependency;
			target = D91222A02B9E2BE2008A2547 /* Impostor */;
			targetProxy = D91222BC2B9E2BE6008A2547 /* PBXContainerItemProxy */;
		};
/* End PBXTargetDependency section */

/* Begin PBXVariantGroup section */
		D912243D2B9E2E36008A2547 /* gameWords.json */ = {
			isa = PBXVariantGroup;
			children = (
				D912243C2B9E2E36008A2547 /* en */,
				D912243F2B9E2E3D008A2547 /* ar */,
				D91224402B9E2E3F008A2547 /* ca */,
				D91224412B9E2E3F008A2547 /* zh-HK */,
				D91224422B9E2E40008A2547 /* zh-Hans */,
				D91224432B9E2E44008A2547 /* zh-Hant */,
				D91224442B9E2E46008A2547 /* vi */,
				D91224452B9E2E46008A2547 /* uk */,
				D91224462B9E2E46008A2547 /* tr */,
				D91224472B9E2E47008A2547 /* th */,
				D91224482B9E2E47008A2547 /* sv */,
				D91224492B9E2E47008A2547 /* es-419 */,
				D912244A2B9E2E48008A2547 /* es */,
				D912244B2B9E2E4B008A2547 /* sk */,
				D912244C2B9E2E4B008A2547 /* ru */,
				D912244D2B9E2E4C008A2547 /* ro */,
				D912244E2B9E2E4C008A2547 /* pt-PT */,
				D912244F2B9E2E4D008A2547 /* pt-BR */,
				D91224502B9E2E4D008A2547 /* pl */,
				D91224512B9E2E4E008A2547 /* nb */,
				D91224522B9E2E4E008A2547 /* ms */,
				D91224532B9E2E4F008A2547 /* ko */,
				D91224542B9E2E50008A2547 /* ja */,
				D91224552B9E2E52008A2547 /* it */,
				D91224562B9E2E53008A2547 /* id */,
				D91224572B9E2E53008A2547 /* hu */,
				D91224582B9E2E53008A2547 /* hi */,
				D91224592B9E2E54008A2547 /* he */,
				D912245A2B9E2E54008A2547 /* el */,
				D912245B2B9E2E55008A2547 /* de */,
				D912245C2B9E2E55008A2547 /* fr-CA */,
				D912245D2B9E2E56008A2547 /* fr */,
				D912245E2B9E2E56008A2547 /* fi */,
				D912245F2B9E2E57008A2547 /* en-GB */,
				D91224602B9E2E59008A2547 /* en-IN */,
				D91224612B9E2E5A008A2547 /* en-AU */,
				D91224622B9E2E5A008A2547 /* nl */,
				D91224632B9E2E5B008A2547 /* da */,
				D91224642B9E2E5B008A2547 /* cs */,
				D91224652B9E2E5B008A2547 /* hr */,
			);
			name = gameWords.json;
			sourceTree = "<group>";
		};
/* End PBXVariantGroup section */

/* Begin XCBuildConfiguration section */
		D91222C32B9E2BE6008A2547 /* Debug */ = {
			isa = XCBuildConfiguration;
			buildSettings = {
				ALWAYS_SEARCH_USER_PATHS = NO;
				ASSETCATALOG_COMPILER_GENERATE_SWIFT_ASSET_SYMBOL_EXTENSIONS = YES;
				CLANG_ANALYZER_NONNULL = YES;
				CLANG_ANALYZER_NUMBER_OBJECT_CONVERSION = YES_AGGRESSIVE;
				CLANG_CXX_LANGUAGE_STANDARD = "gnu++20";
				CLANG_ENABLE_MODULES = YES;
				CLANG_ENABLE_OBJC_ARC = YES;
				CLANG_ENABLE_OBJC_WEAK = YES;
				CLANG_WARN_BLOCK_CAPTURE_AUTORELEASING = YES;
				CLANG_WARN_BOOL_CONVERSION = YES;
				CLANG_WARN_COMMA = YES;
				CLANG_WARN_CONSTANT_CONVERSION = YES;
				CLANG_WARN_DEPRECATED_OBJC_IMPLEMENTATIONS = YES;
				CLANG_WARN_DIRECT_OBJC_ISA_USAGE = YES_ERROR;
				CLANG_WARN_DOCUMENTATION_COMMENTS = YES;
				CLANG_WARN_EMPTY_BODY = YES;
				CLANG_WARN_ENUM_CONVERSION = YES;
				CLANG_WARN_INFINITE_RECURSION = YES;
				CLANG_WARN_INT_CONVERSION = YES;
				CLANG_WARN_NON_LITERAL_NULL_CONVERSION = YES;
				CLANG_WARN_OBJC_IMPLICIT_RETAIN_SELF = YES;
				CLANG_WARN_OBJC_LITERAL_CONVERSION = YES;
				CLANG_WARN_OBJC_ROOT_CLASS = YES_ERROR;
				CLANG_WARN_QUOTED_INCLUDE_IN_FRAMEWORK_HEADER = YES;
				CLANG_WARN_RANGE_LOOP_ANALYSIS = YES;
				CLANG_WARN_STRICT_PROTOTYPES = YES;
				CLANG_WARN_SUSPICIOUS_MOVE = YES;
				CLANG_WARN_UNGUARDED_AVAILABILITY = YES_AGGRESSIVE;
				CLANG_WARN_UNREACHABLE_CODE = YES;
				CLANG_WARN__DUPLICATE_METHOD_MATCH = YES;
				COPY_PHASE_STRIP = NO;
				DEBUG_INFORMATION_FORMAT = dwarf;
				ENABLE_STRICT_OBJC_MSGSEND = YES;
				ENABLE_TESTABILITY = YES;
				ENABLE_USER_SCRIPT_SANDBOXING = YES;
				GCC_C_LANGUAGE_STANDARD = gnu17;
				GCC_DYNAMIC_NO_PIC = NO;
				GCC_NO_COMMON_BLOCKS = YES;
				GCC_OPTIMIZATION_LEVEL = 0;
				GCC_PREPROCESSOR_DEFINITIONS = (
					"DEBUG=1",
					"$(inherited)",
				);
				GCC_WARN_64_TO_32_BIT_CONVERSION = YES;
				GCC_WARN_ABOUT_RETURN_TYPE = YES_ERROR;
				GCC_WARN_UNDECLARED_SELECTOR = YES;
				GCC_WARN_UNINITIALIZED_AUTOS = YES_AGGRESSIVE;
				GCC_WARN_UNUSED_FUNCTION = YES;
				GCC_WARN_UNUSED_VARIABLE = YES;
				IPHONEOS_DEPLOYMENT_TARGET = 17.4;
				LOCALIZATION_PREFERS_STRING_CATALOGS = YES;
				MTL_ENABLE_DEBUG_INFO = INCLUDE_SOURCE;
				MTL_FAST_MATH = YES;
				ONLY_ACTIVE_ARCH = YES;
				SDKROOT = iphoneos;
				SWIFT_ACTIVE_COMPILATION_CONDITIONS = "DEBUG $(inherited)";
				SWIFT_OPTIMIZATION_LEVEL = "-Onone";
			};
			name = Debug;
		};
		D91222C42B9E2BE6008A2547 /* Release */ = {
			isa = XCBuildConfiguration;
			buildSettings = {
				ALWAYS_SEARCH_USER_PATHS = NO;
				ASSETCATALOG_COMPILER_GENERATE_SWIFT_ASSET_SYMBOL_EXTENSIONS = YES;
				CLANG_ANALYZER_NONNULL = YES;
				CLANG_ANALYZER_NUMBER_OBJECT_CONVERSION = YES_AGGRESSIVE;
				CLANG_CXX_LANGUAGE_STANDARD = "gnu++20";
				CLANG_ENABLE_MODULES = YES;
				CLANG_ENABLE_OBJC_ARC = YES;
				CLANG_ENABLE_OBJC_WEAK = YES;
				CLANG_WARN_BLOCK_CAPTURE_AUTORELEASING = YES;
				CLANG_WARN_BOOL_CONVERSION = YES;
				CLANG_WARN_COMMA = YES;
				CLANG_WARN_CONSTANT_CONVERSION = YES;
				CLANG_WARN_DEPRECATED_OBJC_IMPLEMENTATIONS = YES;
				CLANG_WARN_DIRECT_OBJC_ISA_USAGE = YES_ERROR;
				CLANG_WARN_DOCUMENTATION_COMMENTS = YES;
				CLANG_WARN_EMPTY_BODY = YES;
				CLANG_WARN_ENUM_CONVERSION = YES;
				CLANG_WARN_INFINITE_RECURSION = YES;
				CLANG_WARN_INT_CONVERSION = YES;
				CLANG_WARN_NON_LITERAL_NULL_CONVERSION = YES;
				CLANG_WARN_OBJC_IMPLICIT_RETAIN_SELF = YES;
				CLANG_WARN_OBJC_LITERAL_CONVERSION = YES;
				CLANG_WARN_OBJC_ROOT_CLASS = YES_ERROR;
				CLANG_WARN_QUOTED_INCLUDE_IN_FRAMEWORK_HEADER = YES;
				CLANG_WARN_RANGE_LOOP_ANALYSIS = YES;
				CLANG_WARN_STRICT_PROTOTYPES = YES;
				CLANG_WARN_SUSPICIOUS_MOVE = YES;
				CLANG_WARN_UNGUARDED_AVAILABILITY = YES_AGGRESSIVE;
				CLANG_WARN_UNREACHABLE_CODE = YES;
				CLANG_WARN__DUPLICATE_METHOD_MATCH = YES;
				COPY_PHASE_STRIP = NO;
				DEBUG_INFORMATION_FORMAT = "dwarf-with-dsym";
				ENABLE_NS_ASSERTIONS = NO;
				ENABLE_STRICT_OBJC_MSGSEND = YES;
				ENABLE_USER_SCRIPT_SANDBOXING = YES;
				GCC_C_LANGUAGE_STANDARD = gnu17;
				GCC_NO_COMMON_BLOCKS = YES;
				GCC_WARN_64_TO_32_BIT_CONVERSION = YES;
				GCC_WARN_ABOUT_RETURN_TYPE = YES_ERROR;
				GCC_WARN_UNDECLARED_SELECTOR = YES;
				GCC_WARN_UNINITIALIZED_AUTOS = YES_AGGRESSIVE;
				GCC_WARN_UNUSED_FUNCTION = YES;
				GCC_WARN_UNUSED_VARIABLE = YES;
				IPHONEOS_DEPLOYMENT_TARGET = 17.4;
				LOCALIZATION_PREFERS_STRING_CATALOGS = YES;
				MTL_ENABLE_DEBUG_INFO = NO;
				MTL_FAST_MATH = YES;
				SDKROOT = iphoneos;
				SWIFT_COMPILATION_MODE = wholemodule;
				VALIDATE_PRODUCT = YES;
			};
			name = Release;
		};
		D91222C62B9E2BE6008A2547 /* Debug */ = {
			isa = XCBuildConfiguration;
			buildSettings = {
				ASSETCATALOG_COMPILER_APPICON_NAME = AppIcon;
				ASSETCATALOG_COMPILER_GLOBAL_ACCENT_COLOR_NAME = AccentColor;
				CODE_SIGN_STYLE = Automatic;
				CURRENT_PROJECT_VERSION = 1;
				DEVELOPMENT_TEAM = 8Q693ZG5RN;
				ENABLE_PREVIEWS = YES;
				GENERATE_INFOPLIST_FILE = YES;
				INFOPLIST_KEY_UIApplicationSceneManifest_Generation = YES;
				INFOPLIST_KEY_UIApplicationSupportsIndirectInputEvents = YES;
				INFOPLIST_KEY_UILaunchScreen_Generation = YES;
				INFOPLIST_KEY_UISupportedInterfaceOrientations_iPad = "UIInterfaceOrientationPortrait UIInterfaceOrientationPortraitUpsideDown UIInterfaceOrientationLandscapeLeft UIInterfaceOrientationLandscapeRight";
				INFOPLIST_KEY_UISupportedInterfaceOrientations_iPhone = "UIInterfaceOrientationPortrait UIInterfaceOrientationLandscapeLeft UIInterfaceOrientationLandscapeRight";
				LD_RUNPATH_SEARCH_PATHS = (
					"$(inherited)",
					"@executable_path/Frameworks",
				);
				MARKETING_VERSION = 1.0;
				PRODUCT_BUNDLE_IDENTIFIER = net.phor.Impostor;
				PRODUCT_NAME = "$(TARGET_NAME)";
				SWIFT_EMIT_LOC_STRINGS = YES;
				SWIFT_VERSION = 5.0;
				TARGETED_DEVICE_FAMILY = "1,2";
			};
			name = Debug;
		};
		D91222C72B9E2BE6008A2547 /* Release */ = {
			isa = XCBuildConfiguration;
			buildSettings = {
				ASSETCATALOG_COMPILER_APPICON_NAME = AppIcon;
				ASSETCATALOG_COMPILER_GLOBAL_ACCENT_COLOR_NAME = AccentColor;
				CODE_SIGN_STYLE = Automatic;
				CURRENT_PROJECT_VERSION = 1;
				DEVELOPMENT_TEAM = 8Q693ZG5RN;
				ENABLE_PREVIEWS = YES;
				GENERATE_INFOPLIST_FILE = YES;
				INFOPLIST_KEY_UIApplicationSceneManifest_Generation = YES;
				INFOPLIST_KEY_UIApplicationSupportsIndirectInputEvents = YES;
				INFOPLIST_KEY_UILaunchScreen_Generation = YES;
				INFOPLIST_KEY_UISupportedInterfaceOrientations_iPad = "UIInterfaceOrientationPortrait UIInterfaceOrientationPortraitUpsideDown UIInterfaceOrientationLandscapeLeft UIInterfaceOrientationLandscapeRight";
				INFOPLIST_KEY_UISupportedInterfaceOrientations_iPhone = "UIInterfaceOrientationPortrait UIInterfaceOrientationLandscapeLeft UIInterfaceOrientationLandscapeRight";
				LD_RUNPATH_SEARCH_PATHS = (
					"$(inherited)",
					"@executable_path/Frameworks",
				);
				MARKETING_VERSION = 1.0;
				PRODUCT_BUNDLE_IDENTIFIER = net.phor.Impostor;
				PRODUCT_NAME = "$(TARGET_NAME)";
				SWIFT_EMIT_LOC_STRINGS = YES;
				SWIFT_VERSION = 5.0;
				TARGETED_DEVICE_FAMILY = "1,2";
			};
			name = Release;
		};
		D91222C92B9E2BE6008A2547 /* Debug */ = {
			isa = XCBuildConfiguration;
			buildSettings = {
				ALWAYS_EMBED_SWIFT_STANDARD_LIBRARIES = YES;
				BUNDLE_LOADER = "$(TEST_HOST)";
				CODE_SIGN_STYLE = Automatic;
				CURRENT_PROJECT_VERSION = 1;
				DEVELOPMENT_TEAM = 8Q693ZG5RN;
				GENERATE_INFOPLIST_FILE = YES;
				IPHONEOS_DEPLOYMENT_TARGET = 17.4;
				MARKETING_VERSION = 1.0;
				PRODUCT_BUNDLE_IDENTIFIER = net.phor.ImpostorTests;
				PRODUCT_NAME = "$(TARGET_NAME)";
				SWIFT_EMIT_LOC_STRINGS = NO;
				SWIFT_VERSION = 5.0;
				TARGETED_DEVICE_FAMILY = "1,2";
				TEST_HOST = "$(BUILT_PRODUCTS_DIR)/Impostor.app/$(BUNDLE_EXECUTABLE_FOLDER_PATH)/Impostor";
			};
			name = Debug;
		};
		D91222CA2B9E2BE6008A2547 /* Release */ = {
			isa = XCBuildConfiguration;
			buildSettings = {
				ALWAYS_EMBED_SWIFT_STANDARD_LIBRARIES = YES;
				BUNDLE_LOADER = "$(TEST_HOST)";
				CODE_SIGN_STYLE = Automatic;
				CURRENT_PROJECT_VERSION = 1;
				DEVELOPMENT_TEAM = 8Q693ZG5RN;
				GENERATE_INFOPLIST_FILE = YES;
				IPHONEOS_DEPLOYMENT_TARGET = 17.4;
				MARKETING_VERSION = 1.0;
				PRODUCT_BUNDLE_IDENTIFIER = net.phor.ImpostorTests;
				PRODUCT_NAME = "$(TARGET_NAME)";
				SWIFT_EMIT_LOC_STRINGS = NO;
				SWIFT_VERSION = 5.0;
				TARGETED_DEVICE_FAMILY = "1,2";
				TEST_HOST = "$(BUILT_PRODUCTS_DIR)/Impostor.app/$(BUNDLE_EXECUTABLE_FOLDER_PATH)/Impostor";
			};
			name = Release;
		};
		D91222CC2B9E2BE6008A2547 /* Debug */ = {
			isa = XCBuildConfiguration;
			buildSettings = {
				ALWAYS_EMBED_SWIFT_STANDARD_LIBRARIES = YES;
				CODE_SIGN_STYLE = Automatic;
				CURRENT_PROJECT_VERSION = 1;
				DEVELOPMENT_TEAM = 8Q693ZG5RN;
				GENERATE_INFOPLIST_FILE = YES;
				MARKETING_VERSION = 1.0;
				PRODUCT_BUNDLE_IDENTIFIER = net.phor.ImpostorUITests;
				PRODUCT_NAME = "$(TARGET_NAME)";
				SWIFT_EMIT_LOC_STRINGS = NO;
				SWIFT_VERSION = 5.0;
				TARGETED_DEVICE_FAMILY = "1,2";
				TEST_TARGET_NAME = Impostor;
			};
			name = Debug;
		};
		D91222CD2B9E2BE6008A2547 /* Release */ = {
			isa = XCBuildConfiguration;
			buildSettings = {
				ALWAYS_EMBED_SWIFT_STANDARD_LIBRARIES = YES;
				CODE_SIGN_STYLE = Automatic;
				CURRENT_PROJECT_VERSION = 1;
				DEVELOPMENT_TEAM = 8Q693ZG5RN;
				GENERATE_INFOPLIST_FILE = YES;
				MARKETING_VERSION = 1.0;
				PRODUCT_BUNDLE_IDENTIFIER = net.phor.ImpostorUITests;
				PRODUCT_NAME = "$(TARGET_NAME)";
				SWIFT_EMIT_LOC_STRINGS = NO;
				SWIFT_VERSION = 5.0;
				TARGETED_DEVICE_FAMILY = "1,2";
				TEST_TARGET_NAME = Impostor;
			};
			name = Release;
		};
/* End XCBuildConfiguration section */

/* Begin XCConfigurationList section */
		D912229C2B9E2BE2008A2547 /* Build configuration list for PBXProject "Impostor" */ = {
			isa = XCConfigurationList;
			buildConfigurations = (
				D91222C32B9E2BE6008A2547 /* Debug */,
				D91222C42B9E2BE6008A2547 /* Release */,
			);
			defaultConfigurationIsVisible = 0;
			defaultConfigurationName = Release;
		};
		D91222C52B9E2BE6008A2547 /* Build configuration list for PBXNativeTarget "Impostor" */ = {
			isa = XCConfigurationList;
			buildConfigurations = (
				D91222C62B9E2BE6008A2547 /* Debug */,
				D91222C72B9E2BE6008A2547 /* Release */,
			);
			defaultConfigurationIsVisible = 0;
			defaultConfigurationName = Release;
		};
		D91222C82B9E2BE6008A2547 /* Build configuration list for PBXNativeTarget "ImpostorTests" */ = {
			isa = XCConfigurationList;
			buildConfigurations = (
				D91222C92B9E2BE6008A2547 /* Debug */,
				D91222CA2B9E2BE6008A2547 /* Release */,
			);
			defaultConfigurationIsVisible = 0;
			defaultConfigurationName = Release;
		};
		D91222CB2B9E2BE6008A2547 /* Build configuration list for PBXNativeTarget "ImpostorUITests" */ = {
			isa = XCConfigurationList;
			buildConfigurations = (
				D91222CC2B9E2BE6008A2547 /* Debug */,
				D91222CD2B9E2BE6008A2547 /* Release */,
			);
			defaultConfigurationIsVisible = 0;
			defaultConfigurationName = Release;
		};
/* End XCConfigurationList section */
	};
	rootObject = D91222992B9E2BE2008A2547 /* Project object */;
}
